{
  "version": 4,
  "terraform_version": "1.0.11",
  "serial": 96,
  "lineage": "3b6d31c2-50f6-40c0-b648-9c0d4983e760",
  "outputs": {
    "cluster_endpoint": {
      "value": "https://B33E0EA9343DE27F0D1647B58648251F.gr7.us-west-2.eks.amazonaws.com",
      "type": "string"
    },
    "cluster_id": {
      "value": "education-eks-LmMnc0em",
      "type": "string"
    },
    "cluster_name": {
      "value": "education-eks-LmMnc0em",
      "type": "string"
    },
    "cluster_security_group_id": {
      "value": "sg-077d7fd4a40f5fa8c",
      "type": "string"
    },
    "config_map_aws_auth": {
      "value": [
        {
          "binary_data": null,
          "data": {
            "mapAccounts": "[]\n",
            "mapRoles": "- \"groups\":\n  - \"system:bootstrappers\"\n  - \"system:nodes\"\n  \"rolearn\": \"arn:aws:iam::752399564322:role/education-eks-LmMnc0em2022031411500749570000000e\"\n  \"username\": \"system:node:{{EC2PrivateDNSName}}\"\n",
            "mapUsers": "[]\n"
          },
          "id": "kube-system/aws-auth",
          "metadata": [
            {
              "annotations": null,
              "generate_name": "",
              "generation": 0,
              "labels": {
                "app.kubernetes.io/managed-by": "Terraform",
                "terraform.io/module": "terraform-aws-modules.eks.aws"
              },
              "name": "aws-auth",
              "namespace": "kube-system",
              "resource_version": "679",
              "uid": "636d9280-c267-4d33-9608-a3d652801666"
            }
          ]
        }
      ],
      "type": [
        "tuple",
        [
          [
            "object",
            {
              "binary_data": [
                "map",
                "string"
              ],
              "data": [
                "map",
                "string"
              ],
              "id": "string",
              "metadata": [
                "list",
                [
                  "object",
                  {
                    "annotations": [
                      "map",
                      "string"
                    ],
                    "generate_name": "string",
                    "generation": "number",
                    "labels": [
                      "map",
                      "string"
                    ],
                    "name": "string",
                    "namespace": "string",
                    "resource_version": "string",
                    "uid": "string"
                  }
                ]
              ]
            }
          ]
        ]
      ]
    },
    "kubectl_config": {
      "value": "apiVersion: v1\r\npreferences: {}\r\nkind: Config\r\n\r\nclusters:\r\n- cluster:\r\n    server: https://B33E0EA9343DE27F0D1647B58648251F.gr7.us-west-2.eks.amazonaws.com\r\n    certificate-authority-data: LS0tLS1CRUdJTiBDRVJUSUZJQ0FURS0tLS0tCk1JSUM1ekNDQWMrZ0F3SUJBZ0lCQURBTkJna3Foa2lHOXcwQkFRc0ZBREFWTVJNd0VRWURWUVFERXdwcmRXSmwKY201bGRHVnpNQjRYRFRJeU1ETXhOREUyTVRRMU4xb1hEVE15TURNeE1URTJNVFExTjFvd0ZURVRNQkVHQTFVRQpBeE1LYTNWaVpYSnVaWFJsY3pDQ0FTSXdEUVlKS29aSWh2Y05BUUVCQlFBRGdnRVBBRENDQVFvQ2dnRUJBTDJjClR3Q3d4MStaMkhoV3Bpc1EvaWlBTzBKQ2R2c0hHRnRjeXRuUkFmc3RKa1FFb0hCMEtrbzhDR2ZNQkFyK1lDdmgKU3phK0tkQ2lYeVdpK3UxYTExVzY0dzRNSElrV21FT0Nnby9NcnVSMzhaWjBqbXFpdWljOWlyU09zRFZ3aTRsVQpoTUlZTkRDVEpadExqTWVvZFlsVUJWWEU0Y1NCWlZRWTFVaXZaRDMySmRTeXZISXlyTGNBSU1pTXRKWXQza1hSCkhaRmVCYSt6Y283dFJwSlFCTVE4Wll1N3VVTFlXTWVaZ1dlN0J4cUFaY2JXRlNQK3JBbWI3QUczTjZsamFNK3MKY3NuRjVYVEdJeE81NkpmYW9jUVQwOTd6N3ZJeHBya3dzTmZ2L3lENlRacVBxVUFQTU10Y0REM0E4cVlLMjlzSQppbjVGY2RSOHpLS1hvQVNkMGNzQ0F3RUFBYU5DTUVBd0RnWURWUjBQQVFIL0JBUURBZ0trTUE4R0ExVWRFd0VCCi93UUZNQU1CQWY4d0hRWURWUjBPQkJZRUZMRFNmTjc1WDZxSG1ZYzNJK1d2eTl4TmthL05NQTBHQ1NxR1NJYjMKRFFFQkN3VUFBNElCQVFBQXlvdWFuWXoyRzBxMzFybHQySUdPMSs3NWxCVVZXWHBONDBMUk9lZEJsNFZLWHJTKwphc2RZU3kzR0VFSVMwNWE2TzN3MVl4aXVoZzlERzVBVDJrT21HV1Q5ZXdQM3BqcUdjZFVFTVNHRjh4NThNR1pLCmVFSEp6ZmRkK3FrQ2dmblRLMnpkUVFINTNuYkVETHVTMlVLREFEL3l5SXdONUdBenlHRlV6c0NXTmFpakxNR0sKcTdJUVFlK0RrQUpDYlAyZ1FpWG16R1V3YlpNZWd1S0x5YTRtU0NxbkoxTzFrZWRpSTlIS213elk0RXZCR0tNbwpJeWpiM3BpdzBMNDBzVEozTkx2eVEzTG0wVXorQVU5QTdNRFhDWlJsbEZXRHpvRUROTGR4QkRtdWtraUMwVXRKCnRCQ2VtSXYvaVNONmRCYnVQd2xidEwxNmdDUzN3MHRjZDZVVgotLS0tLUVORCBDRVJUSUZJQ0FURS0tLS0tCg==\r\n  name: eks_education-eks-LmMnc0em\r\n\r\ncontexts:\r\n- context:\r\n    cluster: eks_education-eks-LmMnc0em\r\n    user: eks_education-eks-LmMnc0em\r\n  name: eks_education-eks-LmMnc0em\r\n\r\ncurrent-context: eks_education-eks-LmMnc0em\r\n\r\nusers:\r\n- name: eks_education-eks-LmMnc0em\r\n  user:\r\n    exec:\r\n      apiVersion: client.authentication.k8s.io/v1alpha1\r\n      command: aws-iam-authenticator\r\n      args:\r\n        - \"token\"\r\n        - \"-i\"\r\n        - \"education-eks-LmMnc0em\"\r\n",
      "type": "string"
    },
    "region": {
      "value": "us-west-2",
      "type": "string"
    }
  },
  "resources": [
    {
      "mode": "data",
      "type": "aws_availability_zones",
      "name": "available",
      "provider": "provider[\"registry.terraform.io/hashicorp/aws\"]",
      "instances": [
        {
          "schema_version": 0,
          "attributes": {
            "all_availability_zones": null,
            "exclude_names": null,
            "exclude_zone_ids": null,
            "filter": null,
            "group_names": [
              "us-west-2"
            ],
            "id": "us-west-2",
            "names": [
              "us-west-2a",
              "us-west-2b",
              "us-west-2c",
              "us-west-2d"
            ],
            "state": null,
            "zone_ids": [
              "usw2-az1",
              "usw2-az2",
              "usw2-az3",
              "usw2-az4"
            ]
          },
          "sensitive_attributes": []
        }
      ]
    },
    {
      "mode": "data",
      "type": "aws_eks_cluster",
      "name": "cluster",
      "provider": "provider[\"registry.terraform.io/hashicorp/aws\"]",
      "instances": [
        {
          "schema_version": 0,
          "attributes": {
            "arn": "arn:aws:eks:us-west-2:752399564322:cluster/education-eks-LmMnc0em",
            "certificate_authority": [
              {
                "data": "LS0tLS1CRUdJTiBDRVJUSUZJQ0FURS0tLS0tCk1JSUM1ekNDQWMrZ0F3SUJBZ0lCQURBTkJna3Foa2lHOXcwQkFRc0ZBREFWTVJNd0VRWURWUVFERXdwcmRXSmwKY201bGRHVnpNQjRYRFRJeU1ETXhOREUyTVRRMU4xb1hEVE15TURNeE1URTJNVFExTjFvd0ZURVRNQkVHQTFVRQpBeE1LYTNWaVpYSnVaWFJsY3pDQ0FTSXdEUVlKS29aSWh2Y05BUUVCQlFBRGdnRVBBRENDQVFvQ2dnRUJBTDJjClR3Q3d4MStaMkhoV3Bpc1EvaWlBTzBKQ2R2c0hHRnRjeXRuUkFmc3RKa1FFb0hCMEtrbzhDR2ZNQkFyK1lDdmgKU3phK0tkQ2lYeVdpK3UxYTExVzY0dzRNSElrV21FT0Nnby9NcnVSMzhaWjBqbXFpdWljOWlyU09zRFZ3aTRsVQpoTUlZTkRDVEpadExqTWVvZFlsVUJWWEU0Y1NCWlZRWTFVaXZaRDMySmRTeXZISXlyTGNBSU1pTXRKWXQza1hSCkhaRmVCYSt6Y283dFJwSlFCTVE4Wll1N3VVTFlXTWVaZ1dlN0J4cUFaY2JXRlNQK3JBbWI3QUczTjZsamFNK3MKY3NuRjVYVEdJeE81NkpmYW9jUVQwOTd6N3ZJeHBya3dzTmZ2L3lENlRacVBxVUFQTU10Y0REM0E4cVlLMjlzSQppbjVGY2RSOHpLS1hvQVNkMGNzQ0F3RUFBYU5DTUVBd0RnWURWUjBQQVFIL0JBUURBZ0trTUE4R0ExVWRFd0VCCi93UUZNQU1CQWY4d0hRWURWUjBPQkJZRUZMRFNmTjc1WDZxSG1ZYzNJK1d2eTl4TmthL05NQTBHQ1NxR1NJYjMKRFFFQkN3VUFBNElCQVFBQXlvdWFuWXoyRzBxMzFybHQySUdPMSs3NWxCVVZXWHBONDBMUk9lZEJsNFZLWHJTKwphc2RZU3kzR0VFSVMwNWE2TzN3MVl4aXVoZzlERzVBVDJrT21HV1Q5ZXdQM3BqcUdjZFVFTVNHRjh4NThNR1pLCmVFSEp6ZmRkK3FrQ2dmblRLMnpkUVFINTNuYkVETHVTMlVLREFEL3l5SXdONUdBenlHRlV6c0NXTmFpakxNR0sKcTdJUVFlK0RrQUpDYlAyZ1FpWG16R1V3YlpNZWd1S0x5YTRtU0NxbkoxTzFrZWRpSTlIS213elk0RXZCR0tNbwpJeWpiM3BpdzBMNDBzVEozTkx2eVEzTG0wVXorQVU5QTdNRFhDWlJsbEZXRHpvRUROTGR4QkRtdWtraUMwVXRKCnRCQ2VtSXYvaVNONmRCYnVQd2xidEwxNmdDUzN3MHRjZDZVVgotLS0tLUVORCBDRVJUSUZJQ0FURS0tLS0tCg=="
              }
            ],
            "created_at": "2022-03-14 16:08:22.265 +0000 UTC",
            "enabled_cluster_log_types": [],
            "endpoint": "https://B33E0EA9343DE27F0D1647B58648251F.gr7.us-west-2.eks.amazonaws.com",
            "id": "education-eks-LmMnc0em",
            "identity": [
              {
                "oidc": [
                  {
                    "issuer": "https://oidc.eks.us-west-2.amazonaws.com/id/B33E0EA9343DE27F0D1647B58648251F"
                  }
                ]
              }
            ],
            "kubernetes_network_config": [
              {
                "service_ipv4_cidr": "172.20.0.0/16"
              }
            ],
            "name": "education-eks-LmMnc0em",
            "platform_version": "eks.4",
            "role_arn": "arn:aws:iam::752399564322:role/education-eks-LmMnc0em20220314113930276600000003",
            "status": "ACTIVE",
            "tags": {},
            "version": "1.20",
            "vpc_config": [
              {
                "cluster_security_group_id": "sg-05402014373e19b84",
                "endpoint_private_access": false,
                "endpoint_public_access": true,
                "public_access_cidrs": [
                  "0.0.0.0/0"
                ],
                "security_group_ids": [
                  "sg-077d7fd4a40f5fa8c"
                ],
                "subnet_ids": [
                  "subnet-04bf98736a0ce6e71",
                  "subnet-0b193f16030b56ae8",
                  "subnet-0e7069e2edd969598"
                ],
                "vpc_id": "vpc-0a7e1d564cbf870ad"
              }
            ]
          },
          "sensitive_attributes": []
        }
      ]
    },
    {
      "mode": "data",
      "type": "aws_eks_cluster_auth",
      "name": "cluster",
      "provider": "provider[\"registry.terraform.io/hashicorp/aws\"]",
      "instances": [
        {
          "schema_version": 0,
          "attributes": {
            "id": "education-eks-LmMnc0em",
            "name": "education-eks-LmMnc0em",
            "token": "k8s-aws-v1.aHR0cHM6Ly9zdHMuYW1hem9uYXdzLmNvbS8_QWN0aW9uPUdldENhbGxlcklkZW50aXR5JlZlcnNpb249MjAxMS0wNi0xNSZYLUFtei1BbGdvcml0aG09QVdTNC1ITUFDLVNIQTI1NiZYLUFtei1DcmVkZW50aWFsPUFLSUEyNkxVQ0hZUkhOWk03NU5HJTJGMjAyMjAzMTQlMkZ1cy1lYXN0LTElMkZzdHMlMkZhd3M0X3JlcXVlc3QmWC1BbXotRGF0ZT0yMDIyMDMxNFQxNjE4NDBaJlgtQW16LUV4cGlyZXM9MCZYLUFtei1TaWduZWRIZWFkZXJzPWhvc3QlM0J4LWs4cy1hd3MtaWQmWC1BbXotU2lnbmF0dXJlPWNhYTgwMzNhZTQwYmNmN2ExYjkzZTg2MDBhMWE0NzZlYmRhNGVlZDNlZDczZGQ0OTM5ZWQzMmQ4YzY4Y2JkOWU"
          },
          "sensitive_attributes": []
        }
      ]
    },
    {
      "mode": "managed",
      "type": "aws_security_group",
      "name": "all_worker_mgmt",
      "provider": "provider[\"registry.terraform.io/hashicorp/aws\"]",
      "instances": [
        {
          "schema_version": 1,
          "attributes": {
            "arn": "arn:aws:ec2:us-west-2:752399564322:security-group/sg-08b2e5323fb0b4d06",
            "description": "Managed by Terraform",
            "egress": [],
            "id": "sg-08b2e5323fb0b4d06",
            "ingress": [
              {
                "cidr_blocks": [
                  "10.0.0.0/8",
                  "172.16.0.0/12",
                  "192.168.0.0/16"
                ],
                "description": "",
                "from_port": 22,
                "ipv6_cidr_blocks": [],
                "prefix_list_ids": [],
                "protocol": "tcp",
                "security_groups": [],
                "self": false,
                "to_port": 22
              }
            ],
            "name": "all_worker_management20220314160800990400000001",
            "name_prefix": "all_worker_management",
            "owner_id": "752399564322",
            "revoke_rules_on_delete": false,
            "tags": null,
            "tags_all": {},
            "timeouts": null,
            "vpc_id": "vpc-0a7e1d564cbf870ad"
          },
          "sensitive_attributes": [],
          "private": "eyJlMmJmYjczMC1lY2FhLTExZTYtOGY4OC0zNDM2M2JjN2M0YzAiOnsiY3JlYXRlIjo2MDAwMDAwMDAwMDAsImRlbGV0ZSI6OTAwMDAwMDAwMDAwfSwic2NoZW1hX3ZlcnNpb24iOiIxIn0=",
          "dependencies": [
            "module.vpc.aws_vpc.this",
            "random_string.suffix"
          ]
        }
      ]
    },
    {
      "mode": "managed",
      "type": "aws_security_group",
      "name": "worker_group_mgmt_one",
      "provider": "provider[\"registry.terraform.io/hashicorp/aws\"]",
      "instances": [
        {
          "schema_version": 1,
          "attributes": {
            "arn": "arn:aws:ec2:us-west-2:752399564322:security-group/sg-0f40f2d9ca95f31ae",
            "description": "Managed by Terraform",
            "egress": [],
            "id": "sg-0f40f2d9ca95f31ae",
            "ingress": [
              {
                "cidr_blocks": [
                  "10.0.0.0/8"
                ],
                "description": "",
                "from_port": 22,
                "ipv6_cidr_blocks": [],
                "prefix_list_ids": [],
                "protocol": "tcp",
                "security_groups": [],
                "self": false,
                "to_port": 22
              }
            ],
            "name": "worker_group_mgmt_one20220314160804566700000003",
            "name_prefix": "worker_group_mgmt_one",
            "owner_id": "752399564322",
            "revoke_rules_on_delete": false,
            "tags": null,
            "tags_all": {},
            "timeouts": null,
            "vpc_id": "vpc-0a7e1d564cbf870ad"
          },
          "sensitive_attributes": [],
          "private": "eyJlMmJmYjczMC1lY2FhLTExZTYtOGY4OC0zNDM2M2JjN2M0YzAiOnsiY3JlYXRlIjo2MDAwMDAwMDAwMDAsImRlbGV0ZSI6OTAwMDAwMDAwMDAwfSwic2NoZW1hX3ZlcnNpb24iOiIxIn0=",
          "dependencies": [
            "module.vpc.aws_vpc.this",
            "random_string.suffix"
          ],
          "create_before_destroy": true
        }
      ]
    },
    {
      "mode": "managed",
      "type": "aws_security_group",
      "name": "worker_group_mgmt_two",
      "provider": "provider[\"registry.terraform.io/hashicorp/aws\"]",
      "instances": [
        {
          "schema_version": 1,
          "attributes": {
            "arn": "arn:aws:ec2:us-west-2:752399564322:security-group/sg-0cd6363b6b582dc94",
            "description": "Managed by Terraform",
            "egress": [],
            "id": "sg-0cd6363b6b582dc94",
            "ingress": [
              {
                "cidr_blocks": [
                  "192.168.0.0/16"
                ],
                "description": "",
                "from_port": 22,
                "ipv6_cidr_blocks": [],
                "prefix_list_ids": [],
                "protocol": "tcp",
                "security_groups": [],
                "self": false,
                "to_port": 22
              }
            ],
            "name": "worker_group_mgmt_two20220314160804565800000002",
            "name_prefix": "worker_group_mgmt_two",
            "owner_id": "752399564322",
            "revoke_rules_on_delete": false,
            "tags": null,
            "tags_all": {},
            "timeouts": null,
            "vpc_id": "vpc-0a7e1d564cbf870ad"
          },
          "sensitive_attributes": [],
          "private": "eyJlMmJmYjczMC1lY2FhLTExZTYtOGY4OC0zNDM2M2JjN2M0YzAiOnsiY3JlYXRlIjo2MDAwMDAwMDAwMDAsImRlbGV0ZSI6OTAwMDAwMDAwMDAwfSwic2NoZW1hX3ZlcnNpb24iOiIxIn0=",
          "dependencies": [
            "module.vpc.aws_vpc.this",
            "random_string.suffix"
          ],
          "create_before_destroy": true
        }
      ]
    },
    {
      "mode": "managed",
      "type": "random_string",
      "name": "suffix",
      "provider": "provider[\"registry.terraform.io/hashicorp/random\"]",
      "instances": [
        {
          "schema_version": 1,
          "attributes": {
            "id": "LmMnc0em",
            "keepers": null,
            "length": 8,
            "lower": true,
            "min_lower": 0,
            "min_numeric": 0,
            "min_special": 0,
            "min_upper": 0,
            "number": true,
            "override_special": null,
            "result": "LmMnc0em",
            "special": false,
            "upper": true
          },
          "sensitive_attributes": [],
          "private": "eyJzY2hlbWFfdmVyc2lvbiI6IjEifQ==",
          "create_before_destroy": true
        }
      ]
    },
    {
      "module": "module.eks",
      "mode": "data",
      "type": "aws_ami",
      "name": "eks_worker",
      "provider": "provider[\"registry.terraform.io/hashicorp/aws\"]",
      "instances": [
        {
          "index_key": 0,
          "schema_version": 0,
          "attributes": {
            "architecture": "x86_64",
            "arn": "arn:aws:ec2:us-west-2::image/ami-0739f755362d08adc",
            "block_device_mappings": [
              {
                "device_name": "/dev/xvda",
                "ebs": {
                  "delete_on_termination": "true",
                  "encrypted": "false",
                  "iops": "0",
                  "snapshot_id": "snap-021fbee74489ef277",
                  "throughput": "0",
                  "volume_size": "20",
                  "volume_type": "gp2"
                },
                "no_device": "",
                "virtual_name": ""
              }
            ],
            "creation_date": "2022-03-09T18:12:01.000Z",
            "description": "EKS Kubernetes Worker AMI with AmazonLinux2 image, (k8s: 1.20.11, docker: 20.10.7-5.amzn2, containerd: 1.4.6-8.amzn2)",
            "ena_support": true,
            "executable_users": null,
            "filter": [
              {
                "name": "name",
                "values": [
                  "amazon-eks-node-1.20-v*"
                ]
              }
            ],
            "hypervisor": "xen",
            "id": "ami-0739f755362d08adc",
            "image_id": "ami-0739f755362d08adc",
            "image_location": "amazon/amazon-eks-node-1.20-v20220309",
            "image_owner_alias": "amazon",
            "image_type": "machine",
            "kernel_id": null,
            "most_recent": true,
            "name": "amazon-eks-node-1.20-v20220309",
            "name_regex": null,
            "owner_id": "602401143452",
            "owners": [
              "amazon"
            ],
            "platform": null,
            "platform_details": "Linux/UNIX",
            "product_codes": [],
            "public": true,
            "ramdisk_id": null,
            "root_device_name": "/dev/xvda",
            "root_device_type": "ebs",
            "root_snapshot_id": "snap-021fbee74489ef277",
            "sriov_net_support": "simple",
            "state": "available",
            "state_reason": {
              "code": "UNSET",
              "message": "UNSET"
            },
            "tags": {},
            "usage_operation": "RunInstances",
            "virtualization_type": "hvm"
          },
          "sensitive_attributes": []
        }
      ]
    },
    {
      "module": "module.eks",
      "mode": "data",
      "type": "aws_caller_identity",
      "name": "current",
      "provider": "provider[\"registry.terraform.io/hashicorp/aws\"]",
      "instances": [
        {
          "schema_version": 0,
          "attributes": {
            "account_id": "752399564322",
            "arn": "arn:aws:iam::752399564322:root",
            "id": "752399564322",
            "user_id": "752399564322"
          },
          "sensitive_attributes": []
        }
      ]
    },
    {
      "module": "module.eks",
      "mode": "data",
      "type": "aws_iam_policy_document",
      "name": "cluster_assume_role_policy",
      "provider": "provider[\"registry.terraform.io/hashicorp/aws\"]",
      "instances": [
        {
          "schema_version": 0,
          "attributes": {
            "id": "1530481229",
            "json": "{\n  \"Version\": \"2012-10-17\",\n  \"Statement\": [\n    {\n      \"Sid\": \"EKSClusterAssumeRole\",\n      \"Effect\": \"Allow\",\n      \"Action\": \"sts:AssumeRole\",\n      \"Principal\": {\n        \"Service\": \"eks.amazonaws.com\"\n      }\n    }\n  ]\n}",
            "override_json": null,
            "override_policy_documents": null,
            "policy_id": null,
            "source_json": null,
            "source_policy_documents": null,
            "statement": [
              {
                "actions": [
                  "sts:AssumeRole"
                ],
                "condition": [],
                "effect": "Allow",
                "not_actions": [],
                "not_principals": [],
                "not_resources": [],
                "principals": [
                  {
                    "identifiers": [
                      "eks.amazonaws.com"
                    ],
                    "type": "Service"
                  }
                ],
                "resources": [],
                "sid": "EKSClusterAssumeRole"
              }
            ],
            "version": "2012-10-17"
          },
          "sensitive_attributes": []
        }
      ]
    },
    {
      "module": "module.eks",
      "mode": "data",
      "type": "aws_iam_policy_document",
      "name": "cluster_deny_log_group",
      "provider": "provider[\"registry.terraform.io/hashicorp/aws\"]",
      "instances": [
        {
          "index_key": 0,
          "schema_version": 0,
          "attributes": {
            "id": "1619074236",
            "json": "{\n  \"Version\": \"2012-10-17\",\n  \"Statement\": [\n    {\n      \"Sid\": \"\",\n      \"Effect\": \"Deny\",\n      \"Action\": \"logs:CreateLogGroup\",\n      \"Resource\": \"*\"\n    }\n  ]\n}",
            "override_json": null,
            "override_policy_documents": null,
            "policy_id": null,
            "source_json": null,
            "source_policy_documents": null,
            "statement": [
              {
                "actions": [
                  "logs:CreateLogGroup"
                ],
                "condition": [],
                "effect": "Deny",
                "not_actions": [],
                "not_principals": [],
                "not_resources": [],
                "principals": [],
                "resources": [
                  "*"
                ],
                "sid": ""
              }
            ],
            "version": "2012-10-17"
          },
          "sensitive_attributes": []
        }
      ]
    },
    {
      "module": "module.eks",
      "mode": "data",
      "type": "aws_iam_policy_document",
      "name": "cluster_elb_sl_role_creation",
      "provider": "provider[\"registry.terraform.io/hashicorp/aws\"]",
      "instances": [
        {
          "index_key": 0,
          "schema_version": 0,
          "attributes": {
            "id": "585127879",
            "json": "{\n  \"Version\": \"2012-10-17\",\n  \"Statement\": [\n    {\n      \"Sid\": \"\",\n      \"Effect\": \"Allow\",\n      \"Action\": [\n        \"ec2:DescribeInternetGateways\",\n        \"ec2:DescribeAddresses\",\n        \"ec2:DescribeAccountAttributes\"\n      ],\n      \"Resource\": \"*\"\n    }\n  ]\n}",
            "override_json": null,
            "override_policy_documents": null,
            "policy_id": null,
            "source_json": null,
            "source_policy_documents": null,
            "statement": [
              {
                "actions": [
                  "ec2:DescribeAccountAttributes",
                  "ec2:DescribeAddresses",
                  "ec2:DescribeInternetGateways"
                ],
                "condition": [],
                "effect": "Allow",
                "not_actions": [],
                "not_principals": [],
                "not_resources": [],
                "principals": [],
                "resources": [
                  "*"
                ],
                "sid": ""
              }
            ],
            "version": "2012-10-17"
          },
          "sensitive_attributes": []
        }
      ]
    },
    {
      "module": "module.eks",
      "mode": "data",
      "type": "aws_iam_policy_document",
      "name": "workers_assume_role_policy",
      "provider": "provider[\"registry.terraform.io/hashicorp/aws\"]",
      "instances": [
        {
          "schema_version": 0,
          "attributes": {
            "id": "516948372",
            "json": "{\n  \"Version\": \"2012-10-17\",\n  \"Statement\": [\n    {\n      \"Sid\": \"EKSWorkerAssumeRole\",\n      \"Effect\": \"Allow\",\n      \"Action\": \"sts:AssumeRole\",\n      \"Principal\": {\n        \"Service\": \"ec2.amazonaws.com\"\n      }\n    }\n  ]\n}",
            "override_json": null,
            "override_policy_documents": null,
            "policy_id": null,
            "source_json": null,
            "source_policy_documents": null,
            "statement": [
              {
                "actions": [
                  "sts:AssumeRole"
                ],
                "condition": [],
                "effect": "Allow",
                "not_actions": [],
                "not_principals": [],
                "not_resources": [],
                "principals": [
                  {
                    "identifiers": [
                      "ec2.amazonaws.com"
                    ],
                    "type": "Service"
                  }
                ],
                "resources": [],
                "sid": "EKSWorkerAssumeRole"
              }
            ],
            "version": "2012-10-17"
          },
          "sensitive_attributes": []
        }
      ]
    },
    {
      "module": "module.eks",
      "mode": "data",
      "type": "aws_partition",
      "name": "current",
      "provider": "provider[\"registry.terraform.io/hashicorp/aws\"]",
      "instances": [
        {
          "schema_version": 0,
          "attributes": {
            "dns_suffix": "amazonaws.com",
            "id": "aws",
            "partition": "aws",
            "reverse_dns_prefix": "com.amazonaws"
          },
          "sensitive_attributes": []
        }
      ]
    },
    {
      "module": "module.eks",
      "mode": "data",
      "type": "http",
      "name": "wait_for_cluster",
      "provider": "provider[\"registry.terraform.io/terraform-aws-modules/http\"]",
      "instances": [
        {
          "index_key": 0,
          "schema_version": 0,
          "attributes": {
            "body": "ok",
            "ca_certificate": "-----BEGIN CERTIFICATE-----\nMIIC5zCCAc+gAwIBAgIBADANBgkqhkiG9w0BAQsFADAVMRMwEQYDVQQDEwprdWJl\ncm5ldGVzMB4XDTIyMDMxNDE2MTQ1N1oXDTMyMDMxMTE2MTQ1N1owFTETMBEGA1UE\nAxMKa3ViZXJuZXRlczCCASIwDQYJKoZIhvcNAQEBBQADggEPADCCAQoCggEBAL2c\nTwCwx1+Z2HhWpisQ/iiAO0JCdvsHGFtcytnRAfstJkQEoHB0Kko8CGfMBAr+YCvh\nSza+KdCiXyWi+u1a11W64w4MHIkWmEOCgo/MruR38ZZ0jmqiuic9irSOsDVwi4lU\nhMIYNDCTJZtLjMeodYlUBVXE4cSBZVQY1UivZD32JdSyvHIyrLcAIMiMtJYt3kXR\nHZFeBa+zco7tRpJQBMQ8ZYu7uULYWMeZgWe7BxqAZcbWFSP+rAmb7AG3N6ljaM+s\ncsnF5XTGIxO56JfaocQT097z7vIxprkwsNfv/yD6TZqPqUAPMMtcDD3A8qYK29sI\nin5FcdR8zKKXoASd0csCAwEAAaNCMEAwDgYDVR0PAQH/BAQDAgKkMA8GA1UdEwEB\n/wQFMAMBAf8wHQYDVR0OBBYEFLDSfN75X6qHmYc3I+Wvy9xNka/NMA0GCSqGSIb3\nDQEBCwUAA4IBAQAAyouanYz2G0q31rlt2IGO1+75lBUVWXpN40LROedBl4VKXrS+\nasdYSy3GEEIS05a6O3w1Yxiuhg9DG5AT2kOmGWT9ewP3pjqGcdUEMSGF8x58MGZK\neEHJzfdd+qkCgfnTK2zdQQH53nbEDLuS2UKDAD/yyIwN5GAzyGFUzsCWNaijLMGK\nq7IQQe+DkAJCbP2gQiXmzGUwbZMeguKLya4mSCqnJ1O1kediI9HKmwzY4EvBGKMo\nIyjb3piw0L40sTJ3NLvyQ3Lm0Uz+AU9A7MDXCZRllFWDzoEDNLdxBDmukkiC0UtJ\ntBCemIv/iSN6dBbuPwlbtL16gCS3w0tcd6UV\n-----END CERTIFICATE-----\n",
            "id": "https://B33E0EA9343DE27F0D1647B58648251F.gr7.us-west-2.eks.amazonaws.com/healthz",
            "insecure": false,
            "request_headers": null,
            "response_headers": {
              "Cache-Control": "no-cache, private",
              "Content-Length": "2",
              "Content-Type": "text/plain; charset=utf-8",
              "Date": "Mon, 14 Mar 2022 16:18:40 GMT",
              "X-Content-Type-Options": "nosniff",
              "X-Kubernetes-Pf-Flowschema-Uid": "96f7d217-9846-4b93-8ac3-8d54a1154b41",
              "X-Kubernetes-Pf-Prioritylevel-Uid": "83c1513d-18d4-4c17-96d7-d377caa6f8a5"
            },
            "timeout": 300,
            "url": "https://B33E0EA9343DE27F0D1647B58648251F.gr7.us-west-2.eks.amazonaws.com/healthz"
          },
          "sensitive_attributes": []
        }
      ]
    },
    {
      "module": "module.eks",
      "mode": "managed",
      "type": "aws_autoscaling_group",
      "name": "workers",
      "provider": "provider[\"registry.terraform.io/hashicorp/aws\"]",
      "instances": [
        {
          "index_key": 0,
          "schema_version": 0,
          "attributes": {
            "arn": "arn:aws:autoscaling:us-west-2:752399564322:autoScalingGroup:5d79a8f3-49de-4a71-94f2-b40d4b748912:autoScalingGroupName/education-eks-LmMnc0em-worker-group-120220314161845669500000009",
            "availability_zones": [
              "us-west-2a",
              "us-west-2b",
              "us-west-2c"
            ],
            "capacity_rebalance": false,
            "default_cooldown": 300,
            "desired_capacity": 2,
            "enabled_metrics": null,
            "force_delete": false,
            "force_delete_warm_pool": false,
            "health_check_grace_period": 300,
            "health_check_type": "EC2",
            "id": "education-eks-LmMnc0em-worker-group-120220314161845669500000009",
            "initial_lifecycle_hook": [],
            "instance_refresh": [],
            "launch_configuration": "education-eks-LmMnc0em-worker-group-120220314161839432100000007",
            "launch_template": [],
            "load_balancers": null,
            "max_instance_lifetime": 0,
            "max_size": 3,
            "metrics_granularity": "1Minute",
            "min_elb_capacity": null,
            "min_size": 1,
            "mixed_instances_policy": [],
            "name": "education-eks-LmMnc0em-worker-group-120220314161845669500000009",
            "name_prefix": "education-eks-LmMnc0em-worker-group-1",
            "placement_group": "",
            "protect_from_scale_in": false,
            "service_linked_role_arn": "arn:aws:iam::752399564322:role/aws-service-role/autoscaling.amazonaws.com/AWSServiceRoleForAutoScaling",
            "suspended_processes": [
              "AZRebalance"
            ],
            "tag": [
              {
                "key": "Name",
                "propagate_at_launch": true,
                "value": "education-eks-LmMnc0em-worker-group-1-eks_asg"
              },
              {
                "key": "k8s.io/cluster/education-eks-LmMnc0em",
                "propagate_at_launch": true,
                "value": "owned"
              },
              {
                "key": "kubernetes.io/cluster/education-eks-LmMnc0em",
                "propagate_at_launch": true,
                "value": "owned"
              }
            ],
            "tags": null,
            "target_group_arns": null,
            "termination_policies": [],
            "timeouts": null,
            "vpc_zone_identifier": [
              "subnet-04bf98736a0ce6e71",
              "subnet-0b193f16030b56ae8",
              "subnet-0e7069e2edd969598"
            ],
            "wait_for_capacity_timeout": "10m",
            "wait_for_elb_capacity": null,
            "warm_pool": []
          },
          "sensitive_attributes": [],
          "private": "eyJlMmJmYjczMC1lY2FhLTExZTYtOGY4OC0zNDM2M2JjN2M0YzAiOnsiZGVsZXRlIjo2MDAwMDAwMDAwMDB9fQ==",
          "dependencies": [
            "aws_security_group.worker_group_mgmt_one",
            "aws_security_group.worker_group_mgmt_two",
            "data.aws_availability_zones.available",
            "module.eks.aws_cloudwatch_log_group.this",
            "module.eks.aws_eks_cluster.this",
            "module.eks.aws_iam_instance_profile.workers",
            "module.eks.aws_iam_role.cluster",
            "module.eks.aws_iam_role_policy_attachment.cluster_AmazonEKSClusterPolicy",
            "module.eks.aws_iam_role_policy_attachment.cluster_AmazonEKSServicePolicy",
            "module.eks.aws_iam_role_policy_attachment.cluster_AmazonEKSVPCResourceControllerPolicy",
            "module.eks.aws_iam_role_policy_attachment.workers_AmazonEC2ContainerRegistryReadOnly",
            "module.eks.aws_iam_role_policy_attachment.workers_AmazonEKSWorkerNodePolicy",
            "module.eks.aws_iam_role_policy_attachment.workers_AmazonEKS_CNI_Policy",
            "module.eks.aws_iam_role_policy_attachment.workers_additional_policies",
            "module.eks.aws_launch_configuration.workers",
            "module.eks.aws_security_group.cluster",
            "module.eks.aws_security_group.workers",
            "module.eks.aws_security_group_rule.cluster_egress_internet",
            "module.eks.aws_security_group_rule.cluster_https_worker_ingress",
            "module.eks.aws_security_group_rule.cluster_primary_ingress_workers",
            "module.eks.aws_security_group_rule.workers_egress_internet",
            "module.eks.aws_security_group_rule.workers_ingress_cluster",
            "module.eks.aws_security_group_rule.workers_ingress_cluster_https",
            "module.eks.aws_security_group_rule.workers_ingress_cluster_kubelet",
            "module.eks.aws_security_group_rule.workers_ingress_cluster_primary",
            "module.eks.aws_security_group_rule.workers_ingress_self",
            "module.eks.data.aws_ami.eks_worker",
            "module.eks.data.aws_ami.eks_worker_windows",
            "module.eks.data.aws_iam_instance_profile.custom_worker_group_iam_instance_profile",
            "module.eks.data.aws_iam_role.custom_cluster_iam_role",
            "module.vpc.aws_subnet.private",
            "module.vpc.aws_vpc.this",
            "module.vpc.aws_vpc_ipv4_cidr_block_association.this",
            "random_string.suffix"
          ],
          "create_before_destroy": true
        },
        {
          "index_key": 1,
          "schema_version": 0,
          "attributes": {
            "arn": "arn:aws:autoscaling:us-west-2:752399564322:autoScalingGroup:ac50b075-29fa-4401-8043-f00bc66e5a21:autoScalingGroupName/education-eks-LmMnc0em-worker-group-220220314161845668300000008",
            "availability_zones": [
              "us-west-2a",
              "us-west-2b",
              "us-west-2c"
            ],
            "capacity_rebalance": false,
            "default_cooldown": 300,
            "desired_capacity": 1,
            "enabled_metrics": null,
            "force_delete": false,
            "force_delete_warm_pool": false,
            "health_check_grace_period": 300,
            "health_check_type": "EC2",
            "id": "education-eks-LmMnc0em-worker-group-220220314161845668300000008",
            "initial_lifecycle_hook": [],
            "instance_refresh": [],
            "launch_configuration": "education-eks-LmMnc0em-worker-group-220220314161839430100000006",
            "launch_template": [],
            "load_balancers": null,
            "max_instance_lifetime": 0,
            "max_size": 3,
            "metrics_granularity": "1Minute",
            "min_elb_capacity": null,
            "min_size": 1,
            "mixed_instances_policy": [],
            "name": "education-eks-LmMnc0em-worker-group-220220314161845668300000008",
            "name_prefix": "education-eks-LmMnc0em-worker-group-2",
            "placement_group": "",
            "protect_from_scale_in": false,
            "service_linked_role_arn": "arn:aws:iam::752399564322:role/aws-service-role/autoscaling.amazonaws.com/AWSServiceRoleForAutoScaling",
            "suspended_processes": [
              "AZRebalance"
            ],
            "tag": [
              {
                "key": "Name",
                "propagate_at_launch": true,
                "value": "education-eks-LmMnc0em-worker-group-2-eks_asg"
              },
              {
                "key": "k8s.io/cluster/education-eks-LmMnc0em",
                "propagate_at_launch": true,
                "value": "owned"
              },
              {
                "key": "kubernetes.io/cluster/education-eks-LmMnc0em",
                "propagate_at_launch": true,
                "value": "owned"
              }
            ],
            "tags": null,
            "target_group_arns": null,
            "termination_policies": [],
            "timeouts": null,
            "vpc_zone_identifier": [
              "subnet-04bf98736a0ce6e71",
              "subnet-0b193f16030b56ae8",
              "subnet-0e7069e2edd969598"
            ],
            "wait_for_capacity_timeout": "10m",
            "wait_for_elb_capacity": null,
            "warm_pool": []
          },
          "sensitive_attributes": [],
          "private": "eyJlMmJmYjczMC1lY2FhLTExZTYtOGY4OC0zNDM2M2JjN2M0YzAiOnsiZGVsZXRlIjo2MDAwMDAwMDAwMDB9fQ==",
          "dependencies": [
            "aws_security_group.worker_group_mgmt_one",
            "aws_security_group.worker_group_mgmt_two",
            "data.aws_availability_zones.available",
            "module.eks.aws_cloudwatch_log_group.this",
            "module.eks.aws_eks_cluster.this",
            "module.eks.aws_iam_instance_profile.workers",
            "module.eks.aws_iam_role.cluster",
            "module.eks.aws_iam_role_policy_attachment.cluster_AmazonEKSClusterPolicy",
            "module.eks.aws_iam_role_policy_attachment.cluster_AmazonEKSServicePolicy",
            "module.eks.aws_iam_role_policy_attachment.cluster_AmazonEKSVPCResourceControllerPolicy",
            "module.eks.aws_iam_role_policy_attachment.workers_AmazonEC2ContainerRegistryReadOnly",
            "module.eks.aws_iam_role_policy_attachment.workers_AmazonEKSWorkerNodePolicy",
            "module.eks.aws_iam_role_policy_attachment.workers_AmazonEKS_CNI_Policy",
            "module.eks.aws_iam_role_policy_attachment.workers_additional_policies",
            "module.eks.aws_launch_configuration.workers",
            "module.eks.aws_security_group.cluster",
            "module.eks.aws_security_group.workers",
            "module.eks.aws_security_group_rule.cluster_egress_internet",
            "module.eks.aws_security_group_rule.cluster_https_worker_ingress",
            "module.eks.aws_security_group_rule.cluster_primary_ingress_workers",
            "module.eks.aws_security_group_rule.workers_egress_internet",
            "module.eks.aws_security_group_rule.workers_ingress_cluster",
            "module.eks.aws_security_group_rule.workers_ingress_cluster_https",
            "module.eks.aws_security_group_rule.workers_ingress_cluster_kubelet",
            "module.eks.aws_security_group_rule.workers_ingress_cluster_primary",
            "module.eks.aws_security_group_rule.workers_ingress_self",
            "module.eks.data.aws_ami.eks_worker",
            "module.eks.data.aws_ami.eks_worker_windows",
            "module.eks.data.aws_iam_instance_profile.custom_worker_group_iam_instance_profile",
            "module.eks.data.aws_iam_role.custom_cluster_iam_role",
            "module.vpc.aws_subnet.private",
            "module.vpc.aws_vpc.this",
            "module.vpc.aws_vpc_ipv4_cidr_block_association.this",
            "random_string.suffix"
          ],
          "create_before_destroy": true
        }
      ]
    },
    {
      "module": "module.eks",
      "mode": "managed",
      "type": "aws_eks_cluster",
      "name": "this",
      "provider": "provider[\"registry.terraform.io/hashicorp/aws\"]",
      "instances": [
        {
          "index_key": 0,
          "schema_version": 0,
          "attributes": {
            "arn": "arn:aws:eks:us-west-2:752399564322:cluster/education-eks-LmMnc0em",
            "certificate_authority": [
              {
                "data": "LS0tLS1CRUdJTiBDRVJUSUZJQ0FURS0tLS0tCk1JSUM1ekNDQWMrZ0F3SUJBZ0lCQURBTkJna3Foa2lHOXcwQkFRc0ZBREFWTVJNd0VRWURWUVFERXdwcmRXSmwKY201bGRHVnpNQjRYRFRJeU1ETXhOREUyTVRRMU4xb1hEVE15TURNeE1URTJNVFExTjFvd0ZURVRNQkVHQTFVRQpBeE1LYTNWaVpYSnVaWFJsY3pDQ0FTSXdEUVlKS29aSWh2Y05BUUVCQlFBRGdnRVBBRENDQVFvQ2dnRUJBTDJjClR3Q3d4MStaMkhoV3Bpc1EvaWlBTzBKQ2R2c0hHRnRjeXRuUkFmc3RKa1FFb0hCMEtrbzhDR2ZNQkFyK1lDdmgKU3phK0tkQ2lYeVdpK3UxYTExVzY0dzRNSElrV21FT0Nnby9NcnVSMzhaWjBqbXFpdWljOWlyU09zRFZ3aTRsVQpoTUlZTkRDVEpadExqTWVvZFlsVUJWWEU0Y1NCWlZRWTFVaXZaRDMySmRTeXZISXlyTGNBSU1pTXRKWXQza1hSCkhaRmVCYSt6Y283dFJwSlFCTVE4Wll1N3VVTFlXTWVaZ1dlN0J4cUFaY2JXRlNQK3JBbWI3QUczTjZsamFNK3MKY3NuRjVYVEdJeE81NkpmYW9jUVQwOTd6N3ZJeHBya3dzTmZ2L3lENlRacVBxVUFQTU10Y0REM0E4cVlLMjlzSQppbjVGY2RSOHpLS1hvQVNkMGNzQ0F3RUFBYU5DTUVBd0RnWURWUjBQQVFIL0JBUURBZ0trTUE4R0ExVWRFd0VCCi93UUZNQU1CQWY4d0hRWURWUjBPQkJZRUZMRFNmTjc1WDZxSG1ZYzNJK1d2eTl4TmthL05NQTBHQ1NxR1NJYjMKRFFFQkN3VUFBNElCQVFBQXlvdWFuWXoyRzBxMzFybHQySUdPMSs3NWxCVVZXWHBONDBMUk9lZEJsNFZLWHJTKwphc2RZU3kzR0VFSVMwNWE2TzN3MVl4aXVoZzlERzVBVDJrT21HV1Q5ZXdQM3BqcUdjZFVFTVNHRjh4NThNR1pLCmVFSEp6ZmRkK3FrQ2dmblRLMnpkUVFINTNuYkVETHVTMlVLREFEL3l5SXdONUdBenlHRlV6c0NXTmFpakxNR0sKcTdJUVFlK0RrQUpDYlAyZ1FpWG16R1V3YlpNZWd1S0x5YTRtU0NxbkoxTzFrZWRpSTlIS213elk0RXZCR0tNbwpJeWpiM3BpdzBMNDBzVEozTkx2eVEzTG0wVXorQVU5QTdNRFhDWlJsbEZXRHpvRUROTGR4QkRtdWtraUMwVXRKCnRCQ2VtSXYvaVNONmRCYnVQd2xidEwxNmdDUzN3MHRjZDZVVgotLS0tLUVORCBDRVJUSUZJQ0FURS0tLS0tCg=="
              }
            ],
            "created_at": "2022-03-14 16:08:22.265 +0000 UTC",
            "enabled_cluster_log_types": null,
            "encryption_config": [],
            "endpoint": "https://B33E0EA9343DE27F0D1647B58648251F.gr7.us-west-2.eks.amazonaws.com",
            "id": "education-eks-LmMnc0em",
            "identity": [
              {
                "oidc": [
                  {
                    "issuer": "https://oidc.eks.us-west-2.amazonaws.com/id/B33E0EA9343DE27F0D1647B58648251F"
                  }
                ]
              }
            ],
            "kubernetes_network_config": [
              {
                "service_ipv4_cidr": "172.20.0.0/16"
              }
            ],
            "name": "education-eks-LmMnc0em",
            "platform_version": "eks.4",
            "role_arn": "arn:aws:iam::752399564322:role/education-eks-LmMnc0em20220314113930276600000003",
            "status": "ACTIVE",
            "tags": null,
            "tags_all": {},
            "timeouts": {
              "create": "30m",
              "delete": "15m",
              "update": "60m"
            },
            "version": "1.20",
            "vpc_config": [
              {
                "cluster_security_group_id": "sg-05402014373e19b84",
                "endpoint_private_access": false,
                "endpoint_public_access": true,
                "public_access_cidrs": [
                  "0.0.0.0/0"
                ],
                "security_group_ids": [
                  "sg-077d7fd4a40f5fa8c"
                ],
                "subnet_ids": [
                  "subnet-04bf98736a0ce6e71",
                  "subnet-0b193f16030b56ae8",
                  "subnet-0e7069e2edd969598"
                ],
                "vpc_id": "vpc-0a7e1d564cbf870ad"
              }
            ]
          },
          "sensitive_attributes": [],
          "private": "eyJlMmJmYjczMC1lY2FhLTExZTYtOGY4OC0zNDM2M2JjN2M0YzAiOnsiY3JlYXRlIjoxODAwMDAwMDAwMDAwLCJkZWxldGUiOjkwMDAwMDAwMDAwMCwidXBkYXRlIjozNjAwMDAwMDAwMDAwfX0=",
          "dependencies": [
            "data.aws_availability_zones.available",
            "module.eks.aws_cloudwatch_log_group.this",
            "module.eks.aws_iam_role.cluster",
            "module.eks.aws_iam_role_policy_attachment.cluster_AmazonEKSClusterPolicy",
            "module.eks.aws_iam_role_policy_attachment.cluster_AmazonEKSServicePolicy",
            "module.eks.aws_iam_role_policy_attachment.cluster_AmazonEKSVPCResourceControllerPolicy",
            "module.eks.aws_security_group.cluster",
            "module.eks.aws_security_group.workers",
            "module.eks.aws_security_group_rule.cluster_egress_internet",
            "module.eks.aws_security_group_rule.cluster_https_worker_ingress",
            "module.eks.data.aws_iam_role.custom_cluster_iam_role",
            "module.vpc.aws_subnet.private",
            "module.vpc.aws_vpc.this",
            "module.vpc.aws_vpc_ipv4_cidr_block_association.this",
            "random_string.suffix"
          ],
          "create_before_destroy": true
        }
      ]
    },
    {
      "module": "module.eks",
      "mode": "managed",
      "type": "aws_iam_instance_profile",
      "name": "workers",
      "provider": "provider[\"registry.terraform.io/hashicorp/aws\"]",
      "instances": [
        {
          "index_key": 0,
          "schema_version": 0,
          "attributes": {
            "arn": "arn:aws:iam::752399564322:instance-profile/education-eks-LmMnc0em20220314115012427000000010",
            "create_date": "2022-03-14T11:50:12Z",
            "id": "education-eks-LmMnc0em20220314115012427000000010",
            "name": "education-eks-LmMnc0em20220314115012427000000010",
            "name_prefix": "education-eks-LmMnc0em",
            "path": "/",
            "role": "education-eks-LmMnc0em2022031411500749570000000e",
            "tags": {},
            "tags_all": {},
            "unique_id": "AIPA26LUCHYRCIWIDBDYA"
          },
          "sensitive_attributes": [],
          "private": "bnVsbA==",
          "dependencies": [
            "module.eks.data.aws_iam_role.custom_cluster_iam_role",
            "module.eks.data.aws_partition.current",
            "module.eks.aws_cloudwatch_log_group.this",
            "module.eks.aws_iam_role_policy_attachment.cluster_AmazonEKSClusterPolicy",
            "module.eks.aws_iam_role.cluster",
            "module.eks.aws_security_group.workers",
            "module.eks.aws_security_group_rule.cluster_egress_internet",
            "module.eks.data.aws_iam_policy_document.workers_assume_role_policy",
            "random_string.suffix",
            "data.aws_availability_zones.available",
            "module.eks.aws_eks_cluster.this",
            "module.vpc.aws_subnet.private",
            "module.vpc.aws_vpc_ipv4_cidr_block_association.this",
            "module.eks.aws_security_group.cluster",
            "module.eks.aws_security_group_rule.cluster_https_worker_ingress",
            "module.eks.aws_iam_role.workers",
            "module.eks.aws_iam_role_policy_attachment.cluster_AmazonEKSServicePolicy",
            "module.eks.aws_iam_role_policy_attachment.cluster_AmazonEKSVPCResourceControllerPolicy",
            "module.eks.data.aws_iam_policy_document.cluster_assume_role_policy",
            "module.vpc.aws_vpc.this",
            "aws_security_group.worker_group_mgmt_one",
            "aws_security_group.worker_group_mgmt_two"
          ],
          "create_before_destroy": true
        },
        {
          "index_key": 1,
          "schema_version": 0,
          "attributes": {
            "arn": "arn:aws:iam::752399564322:instance-profile/education-eks-LmMnc0em2022031411501242650000000f",
            "create_date": "2022-03-14T11:50:12Z",
            "id": "education-eks-LmMnc0em2022031411501242650000000f",
            "name": "education-eks-LmMnc0em2022031411501242650000000f",
            "name_prefix": "education-eks-LmMnc0em",
            "path": "/",
            "role": "education-eks-LmMnc0em2022031411500749570000000e",
            "tags": {},
            "tags_all": {},
            "unique_id": "AIPA26LUCHYRM5SFEQGCX"
          },
          "sensitive_attributes": [],
          "private": "bnVsbA==",
          "dependencies": [
            "module.eks.aws_eks_cluster.this",
            "module.eks.aws_iam_role_policy_attachment.cluster_AmazonEKSClusterPolicy",
            "module.eks.aws_security_group.cluster",
            "module.eks.data.aws_partition.current",
            "module.eks.aws_iam_role.cluster",
            "module.eks.aws_iam_role.workers",
            "module.eks.data.aws_iam_policy_document.workers_assume_role_policy",
            "module.vpc.aws_vpc_ipv4_cidr_block_association.this",
            "random_string.suffix",
            "aws_security_group.worker_group_mgmt_one",
            "aws_security_group.worker_group_mgmt_two",
            "data.aws_availability_zones.available",
            "module.eks.aws_security_group.workers",
            "module.eks.aws_security_group_rule.cluster_https_worker_ingress",
            "module.eks.data.aws_iam_policy_document.cluster_assume_role_policy",
            "module.eks.data.aws_iam_role.custom_cluster_iam_role",
            "module.eks.aws_cloudwatch_log_group.this",
            "module.eks.aws_iam_role_policy_attachment.cluster_AmazonEKSServicePolicy",
            "module.eks.aws_iam_role_policy_attachment.cluster_AmazonEKSVPCResourceControllerPolicy",
            "module.eks.aws_security_group_rule.cluster_egress_internet",
            "module.vpc.aws_subnet.private",
            "module.vpc.aws_vpc.this"
          ],
          "create_before_destroy": true
        }
      ]
    },
    {
      "module": "module.eks",
      "mode": "managed",
      "type": "aws_iam_policy",
      "name": "cluster_deny_log_group",
      "provider": "provider[\"registry.terraform.io/hashicorp/aws\"]",
      "instances": [
        {
          "index_key": 0,
          "schema_version": 0,
          "attributes": {
            "arn": "arn:aws:iam::752399564322:policy/education-eks-LmMnc0em-deny-log-group20220314113930275100000002",
            "description": "Deny CreateLogGroup",
            "id": "arn:aws:iam::752399564322:policy/education-eks-LmMnc0em-deny-log-group20220314113930275100000002",
            "name": "education-eks-LmMnc0em-deny-log-group20220314113930275100000002",
            "name_prefix": "education-eks-LmMnc0em-deny-log-group",
            "path": "/",
            "policy": "{\"Statement\":[{\"Action\":\"logs:CreateLogGroup\",\"Effect\":\"Deny\",\"Resource\":\"*\",\"Sid\":\"\"}],\"Version\":\"2012-10-17\"}",
            "policy_id": "ANPA26LUCHYRGGMYAZAXA",
            "tags": {},
            "tags_all": {}
          },
          "sensitive_attributes": [],
          "private": "bnVsbA==",
          "dependencies": [
            "random_string.suffix",
            "module.eks.data.aws_iam_policy_document.cluster_deny_log_group"
          ]
        }
      ]
    },
    {
      "module": "module.eks",
      "mode": "managed",
      "type": "aws_iam_policy",
      "name": "cluster_elb_sl_role_creation",
      "provider": "provider[\"registry.terraform.io/hashicorp/aws\"]",
      "instances": [
        {
          "index_key": 0,
          "schema_version": 0,
          "attributes": {
            "arn": "arn:aws:iam::752399564322:policy/education-eks-LmMnc0em-elb-sl-role-creation20220314113930273000000001",
            "description": "Permissions for EKS to create AWSServiceRoleForElasticLoadBalancing service-linked role",
            "id": "arn:aws:iam::752399564322:policy/education-eks-LmMnc0em-elb-sl-role-creation20220314113930273000000001",
            "name": "education-eks-LmMnc0em-elb-sl-role-creation20220314113930273000000001",
            "name_prefix": "education-eks-LmMnc0em-elb-sl-role-creation",
            "path": "/",
            "policy": "{\"Statement\":[{\"Action\":[\"ec2:DescribeInternetGateways\",\"ec2:DescribeAddresses\",\"ec2:DescribeAccountAttributes\"],\"Effect\":\"Allow\",\"Resource\":\"*\",\"Sid\":\"\"}],\"Version\":\"2012-10-17\"}",
            "policy_id": "ANPA26LUCHYRIO6GSFYXE",
            "tags": {},
            "tags_all": {}
          },
          "sensitive_attributes": [],
          "private": "bnVsbA==",
          "dependencies": [
            "module.eks.data.aws_iam_policy_document.cluster_elb_sl_role_creation",
            "random_string.suffix"
          ]
        }
      ]
    },
    {
      "module": "module.eks",
      "mode": "managed",
      "type": "aws_iam_role",
      "name": "cluster",
      "provider": "provider[\"registry.terraform.io/hashicorp/aws\"]",
      "instances": [
        {
          "index_key": 0,
          "schema_version": 0,
          "attributes": {
            "arn": "arn:aws:iam::752399564322:role/education-eks-LmMnc0em20220314113930276600000003",
            "assume_role_policy": "{\"Version\":\"2012-10-17\",\"Statement\":[{\"Sid\":\"EKSClusterAssumeRole\",\"Effect\":\"Allow\",\"Principal\":{\"Service\":\"eks.amazonaws.com\"},\"Action\":\"sts:AssumeRole\"}]}",
            "create_date": "2022-03-14T11:39:30Z",
            "description": "",
            "force_detach_policies": true,
            "id": "education-eks-LmMnc0em20220314113930276600000003",
            "inline_policy": [
              {
                "name": "",
                "policy": ""
              }
            ],
            "managed_policy_arns": [
              "arn:aws:iam::752399564322:policy/education-eks-LmMnc0em-deny-log-group20220314113930275100000002",
              "arn:aws:iam::752399564322:policy/education-eks-LmMnc0em-elb-sl-role-creation20220314113930273000000001",
              "arn:aws:iam::aws:policy/AmazonEKSClusterPolicy",
              "arn:aws:iam::aws:policy/AmazonEKSServicePolicy",
              "arn:aws:iam::aws:policy/AmazonEKSVPCResourceController"
            ],
            "max_session_duration": 3600,
            "name": "education-eks-LmMnc0em20220314113930276600000003",
            "name_prefix": "education-eks-LmMnc0em",
            "path": "/",
            "permissions_boundary": null,
            "tags": {},
            "tags_all": {},
            "unique_id": "AROA26LUCHYRHXLFKZQWW"
          },
          "sensitive_attributes": [],
          "private": "bnVsbA==",
          "dependencies": [
            "module.eks.data.aws_iam_policy_document.cluster_assume_role_policy",
            "random_string.suffix"
          ],
          "create_before_destroy": true
        }
      ]
    },
    {
      "module": "module.eks",
      "mode": "managed",
      "type": "aws_iam_role",
      "name": "workers",
      "provider": "provider[\"registry.terraform.io/hashicorp/aws\"]",
      "instances": [
        {
          "index_key": 0,
          "schema_version": 0,
          "attributes": {
            "arn": "arn:aws:iam::752399564322:role/education-eks-LmMnc0em2022031411500749570000000e",
            "assume_role_policy": "{\"Version\":\"2012-10-17\",\"Statement\":[{\"Sid\":\"EKSWorkerAssumeRole\",\"Effect\":\"Allow\",\"Principal\":{\"Service\":\"ec2.amazonaws.com\"},\"Action\":\"sts:AssumeRole\"}]}",
            "create_date": "2022-03-14T11:50:07Z",
            "description": "",
            "force_detach_policies": true,
            "id": "education-eks-LmMnc0em2022031411500749570000000e",
            "inline_policy": [
              {
                "name": "",
                "policy": ""
              }
            ],
            "managed_policy_arns": [
              "arn:aws:iam::aws:policy/AmazonEC2ContainerRegistryReadOnly",
              "arn:aws:iam::aws:policy/AmazonEKSWorkerNodePolicy",
              "arn:aws:iam::aws:policy/AmazonEKS_CNI_Policy"
            ],
            "max_session_duration": 3600,
            "name": "education-eks-LmMnc0em2022031411500749570000000e",
            "name_prefix": "education-eks-LmMnc0em",
            "path": "/",
            "permissions_boundary": null,
            "tags": {},
            "tags_all": {},
            "unique_id": "AROA26LUCHYRA7MCEC47Z"
          },
          "sensitive_attributes": [],
          "private": "bnVsbA==",
          "dependencies": [
            "module.eks.data.aws_iam_policy_document.workers_assume_role_policy",
            "module.vpc.aws_vpc.this",
            "module.eks.aws_security_group_rule.cluster_https_worker_ingress",
            "module.eks.data.aws_iam_policy_document.cluster_assume_role_policy",
            "module.eks.data.aws_partition.current",
            "module.vpc.aws_vpc_ipv4_cidr_block_association.this",
            "module.eks.aws_cloudwatch_log_group.this",
            "module.eks.aws_iam_role_policy_attachment.cluster_AmazonEKSServicePolicy",
            "module.eks.aws_iam_role_policy_attachment.cluster_AmazonEKSVPCResourceControllerPolicy",
            "module.eks.aws_security_group.cluster",
            "module.eks.aws_security_group.workers",
            "module.eks.data.aws_iam_role.custom_cluster_iam_role",
            "random_string.suffix",
            "data.aws_availability_zones.available",
            "module.eks.aws_iam_role_policy_attachment.cluster_AmazonEKSClusterPolicy",
            "module.eks.aws_security_group_rule.cluster_egress_internet",
            "module.vpc.aws_subnet.private",
            "module.eks.aws_eks_cluster.this",
            "module.eks.aws_iam_role.cluster"
          ],
          "create_before_destroy": true
        }
      ]
    },
    {
      "module": "module.eks",
      "mode": "managed",
      "type": "aws_iam_role_policy_attachment",
      "name": "cluster_AmazonEKSClusterPolicy",
      "provider": "provider[\"registry.terraform.io/hashicorp/aws\"]",
      "instances": [
        {
          "index_key": 0,
          "schema_version": 0,
          "attributes": {
            "id": "education-eks-LmMnc0em20220314113930276600000003-20220314113936441400000005",
            "policy_arn": "arn:aws:iam::aws:policy/AmazonEKSClusterPolicy",
            "role": "education-eks-LmMnc0em20220314113930276600000003"
          },
          "sensitive_attributes": [],
          "private": "bnVsbA==",
          "dependencies": [
            "module.eks.aws_iam_role.cluster",
            "module.eks.data.aws_iam_policy_document.cluster_assume_role_policy",
            "module.eks.data.aws_partition.current",
            "random_string.suffix"
          ],
          "create_before_destroy": true
        }
      ]
    },
    {
      "module": "module.eks",
      "mode": "managed",
      "type": "aws_iam_role_policy_attachment",
      "name": "cluster_AmazonEKSServicePolicy",
      "provider": "provider[\"registry.terraform.io/hashicorp/aws\"]",
      "instances": [
        {
          "index_key": 0,
          "schema_version": 0,
          "attributes": {
            "id": "education-eks-LmMnc0em20220314113930276600000003-20220314113936448700000007",
            "policy_arn": "arn:aws:iam::aws:policy/AmazonEKSServicePolicy",
            "role": "education-eks-LmMnc0em20220314113930276600000003"
          },
          "sensitive_attributes": [],
          "private": "bnVsbA==",
          "dependencies": [
            "random_string.suffix",
            "module.eks.aws_iam_role.cluster",
            "module.eks.data.aws_iam_policy_document.cluster_assume_role_policy",
            "module.eks.data.aws_partition.current"
          ],
          "create_before_destroy": true
        }
      ]
    },
    {
      "module": "module.eks",
      "mode": "managed",
      "type": "aws_iam_role_policy_attachment",
      "name": "cluster_AmazonEKSVPCResourceControllerPolicy",
      "provider": "provider[\"registry.terraform.io/hashicorp/aws\"]",
      "instances": [
        {
          "index_key": 0,
          "schema_version": 0,
          "attributes": {
            "id": "education-eks-LmMnc0em20220314113930276600000003-20220314113936467500000008",
            "policy_arn": "arn:aws:iam::aws:policy/AmazonEKSVPCResourceController",
            "role": "education-eks-LmMnc0em20220314113930276600000003"
          },
          "sensitive_attributes": [],
          "private": "bnVsbA==",
          "dependencies": [
            "module.eks.aws_iam_role.cluster",
            "module.eks.data.aws_iam_policy_document.cluster_assume_role_policy",
            "module.eks.data.aws_partition.current",
            "random_string.suffix"
          ],
          "create_before_destroy": true
        }
      ]
    },
    {
      "module": "module.eks",
      "mode": "managed",
      "type": "aws_iam_role_policy_attachment",
      "name": "cluster_deny_log_group",
      "provider": "provider[\"registry.terraform.io/hashicorp/aws\"]",
      "instances": [
        {
          "index_key": 0,
          "schema_version": 0,
          "attributes": {
            "id": "education-eks-LmMnc0em20220314113930276600000003-20220314113936417900000004",
            "policy_arn": "arn:aws:iam::752399564322:policy/education-eks-LmMnc0em-deny-log-group20220314113930275100000002",
            "role": "education-eks-LmMnc0em20220314113930276600000003"
          },
          "sensitive_attributes": [],
          "private": "bnVsbA==",
          "dependencies": [
            "module.eks.aws_iam_policy.cluster_deny_log_group",
            "module.eks.aws_iam_role.cluster",
            "module.eks.data.aws_iam_policy_document.cluster_assume_role_policy",
            "module.eks.data.aws_iam_policy_document.cluster_deny_log_group",
            "random_string.suffix"
          ]
        }
      ]
    },
    {
      "module": "module.eks",
      "mode": "managed",
      "type": "aws_iam_role_policy_attachment",
      "name": "cluster_elb_sl_role_creation",
      "provider": "provider[\"registry.terraform.io/hashicorp/aws\"]",
      "instances": [
        {
          "index_key": 0,
          "schema_version": 0,
          "attributes": {
            "id": "education-eks-LmMnc0em20220314113930276600000003-20220314113936447600000006",
            "policy_arn": "arn:aws:iam::752399564322:policy/education-eks-LmMnc0em-elb-sl-role-creation20220314113930273000000001",
            "role": "education-eks-LmMnc0em20220314113930276600000003"
          },
          "sensitive_attributes": [],
          "private": "bnVsbA==",
          "dependencies": [
            "module.eks.aws_iam_policy.cluster_elb_sl_role_creation",
            "module.eks.aws_iam_role.cluster",
            "module.eks.data.aws_iam_policy_document.cluster_assume_role_policy",
            "module.eks.data.aws_iam_policy_document.cluster_elb_sl_role_creation",
            "random_string.suffix"
          ]
        }
      ]
    },
    {
      "module": "module.eks",
      "mode": "managed",
      "type": "aws_iam_role_policy_attachment",
      "name": "workers_AmazonEC2ContainerRegistryReadOnly",
      "provider": "provider[\"registry.terraform.io/hashicorp/aws\"]",
      "instances": [
        {
          "index_key": 0,
          "schema_version": 0,
          "attributes": {
            "id": "education-eks-LmMnc0em2022031411500749570000000e-20220314115013530300000011",
            "policy_arn": "arn:aws:iam::aws:policy/AmazonEC2ContainerRegistryReadOnly",
            "role": "education-eks-LmMnc0em2022031411500749570000000e"
          },
          "sensitive_attributes": [],
          "private": "bnVsbA==",
          "dependencies": [
            "module.vpc.aws_vpc.this",
            "module.vpc.aws_vpc_ipv4_cidr_block_association.this",
            "data.aws_availability_zones.available",
            "module.eks.aws_iam_role.workers",
            "module.eks.aws_iam_role_policy_attachment.cluster_AmazonEKSVPCResourceControllerPolicy",
            "module.eks.aws_security_group.cluster",
            "module.eks.data.aws_iam_policy_document.cluster_assume_role_policy",
            "random_string.suffix",
            "module.eks.aws_iam_role.cluster",
            "module.eks.aws_security_group.workers",
            "module.eks.aws_security_group_rule.cluster_egress_internet",
            "module.eks.aws_security_group_rule.cluster_https_worker_ingress",
            "module.eks.data.aws_partition.current",
            "module.eks.aws_eks_cluster.this",
            "module.eks.aws_iam_role_policy_attachment.cluster_AmazonEKSClusterPolicy",
            "module.vpc.aws_subnet.private",
            "module.eks.aws_cloudwatch_log_group.this",
            "module.eks.aws_iam_role_policy_attachment.cluster_AmazonEKSServicePolicy",
            "module.eks.data.aws_iam_policy_document.workers_assume_role_policy",
            "module.eks.data.aws_iam_role.custom_cluster_iam_role"
          ],
          "create_before_destroy": true
        }
      ]
    },
    {
      "module": "module.eks",
      "mode": "managed",
      "type": "aws_iam_role_policy_attachment",
      "name": "workers_AmazonEKSWorkerNodePolicy",
      "provider": "provider[\"registry.terraform.io/hashicorp/aws\"]",
      "instances": [
        {
          "index_key": 0,
          "schema_version": 0,
          "attributes": {
            "id": "education-eks-LmMnc0em2022031411500749570000000e-20220314115013551000000012",
            "policy_arn": "arn:aws:iam::aws:policy/AmazonEKSWorkerNodePolicy",
            "role": "education-eks-LmMnc0em2022031411500749570000000e"
          },
          "sensitive_attributes": [],
          "private": "bnVsbA==",
          "dependencies": [
            "data.aws_availability_zones.available",
            "module.eks.aws_iam_role_policy_attachment.cluster_AmazonEKSClusterPolicy",
            "module.eks.aws_security_group.workers",
            "module.eks.data.aws_iam_policy_document.workers_assume_role_policy",
            "random_string.suffix",
            "module.eks.aws_eks_cluster.this",
            "module.eks.aws_iam_role_policy_attachment.cluster_AmazonEKSServicePolicy",
            "module.eks.aws_iam_role_policy_attachment.cluster_AmazonEKSVPCResourceControllerPolicy",
            "module.eks.aws_security_group.cluster",
            "module.eks.data.aws_iam_policy_document.cluster_assume_role_policy",
            "module.eks.aws_iam_role.cluster",
            "module.eks.aws_iam_role.workers",
            "module.eks.aws_security_group_rule.cluster_https_worker_ingress",
            "module.eks.data.aws_iam_role.custom_cluster_iam_role",
            "module.vpc.aws_subnet.private",
            "module.vpc.aws_vpc.this",
            "module.vpc.aws_vpc_ipv4_cidr_block_association.this",
            "module.eks.aws_cloudwatch_log_group.this",
            "module.eks.aws_security_group_rule.cluster_egress_internet",
            "module.eks.data.aws_partition.current"
          ],
          "create_before_destroy": true
        }
      ]
    },
    {
      "module": "module.eks",
      "mode": "managed",
      "type": "aws_iam_role_policy_attachment",
      "name": "workers_AmazonEKS_CNI_Policy",
      "provider": "provider[\"registry.terraform.io/hashicorp/aws\"]",
      "instances": [
        {
          "index_key": 0,
          "schema_version": 0,
          "attributes": {
            "id": "education-eks-LmMnc0em2022031411500749570000000e-20220314115013551600000013",
            "policy_arn": "arn:aws:iam::aws:policy/AmazonEKS_CNI_Policy",
            "role": "education-eks-LmMnc0em2022031411500749570000000e"
          },
          "sensitive_attributes": [],
          "private": "bnVsbA==",
          "dependencies": [
            "module.eks.data.aws_iam_role.custom_cluster_iam_role",
            "module.eks.data.aws_partition.current",
            "module.vpc.aws_subnet.private",
            "random_string.suffix",
            "module.eks.aws_security_group.workers",
            "module.eks.aws_iam_role.cluster",
            "module.eks.aws_iam_role_policy_attachment.cluster_AmazonEKSClusterPolicy",
            "module.eks.data.aws_iam_policy_document.cluster_assume_role_policy",
            "module.eks.data.aws_iam_policy_document.workers_assume_role_policy",
            "module.eks.aws_eks_cluster.this",
            "module.eks.aws_cloudwatch_log_group.this",
            "module.eks.aws_security_group.cluster",
            "module.eks.aws_security_group_rule.cluster_egress_internet",
            "module.eks.aws_security_group_rule.cluster_https_worker_ingress",
            "module.vpc.aws_vpc.this",
            "data.aws_availability_zones.available",
            "module.eks.aws_iam_role_policy_attachment.cluster_AmazonEKSServicePolicy",
            "module.eks.aws_iam_role_policy_attachment.cluster_AmazonEKSVPCResourceControllerPolicy",
            "module.vpc.aws_vpc_ipv4_cidr_block_association.this",
            "module.eks.aws_iam_role.workers"
          ],
          "create_before_destroy": true
        }
      ]
    },
    {
      "module": "module.eks",
      "mode": "managed",
      "type": "aws_launch_configuration",
      "name": "workers",
      "provider": "provider[\"registry.terraform.io/hashicorp/aws\"]",
      "instances": [
        {
          "index_key": 0,
          "schema_version": 0,
          "attributes": {
            "arn": "arn:aws:autoscaling:us-west-2:752399564322:launchConfiguration:6c56b6d8-9365-4dfe-b0c5-9b9ee13d849d:launchConfigurationName/education-eks-LmMnc0em-worker-group-120220314161839432100000007",
            "associate_public_ip_address": false,
            "ebs_block_device": [],
            "ebs_optimized": false,
            "enable_monitoring": true,
            "ephemeral_block_device": [],
            "iam_instance_profile": "education-eks-LmMnc0em20220314115012427000000010",
            "id": "education-eks-LmMnc0em-worker-group-120220314161839432100000007",
            "image_id": "ami-0739f755362d08adc",
            "instance_type": "t2.small",
            "key_name": "",
            "metadata_options": [
              {
                "http_endpoint": "enabled",
                "http_put_response_hop_limit": 1,
                "http_tokens": "optional"
              }
            ],
            "name": "education-eks-LmMnc0em-worker-group-120220314161839432100000007",
            "name_prefix": "education-eks-LmMnc0em-worker-group-1",
            "placement_tenancy": "",
            "root_block_device": [
              {
                "delete_on_termination": true,
                "encrypted": false,
                "iops": 0,
                "throughput": 0,
                "volume_size": 100,
                "volume_type": "gp2"
              }
            ],
            "security_groups": [
              "sg-069d5404fd00b1eae",
              "sg-0f40f2d9ca95f31ae"
            ],
            "spot_price": "",
            "user_data": null,
            "user_data_base64": "IyEvYmluL2Jhc2ggLWUNCg0KIyBBbGxvdyB1c2VyIHN1cHBsaWVkIHByZSB1c2VyZGF0YSBjb2RlDQoNCg0KIyBCb290c3RyYXAgYW5kIGpvaW4gdGhlIGNsdXN0ZXINCi9ldGMvZWtzL2Jvb3RzdHJhcC5zaCAtLWI2NC1jbHVzdGVyLWNhICdMUzB0TFMxQ1JVZEpUaUJEUlZKVVNVWkpRMEZVUlMwdExTMHRDazFKU1VNMWVrTkRRV01yWjBGM1NVSkJaMGxDUVVSQlRrSm5hM0ZvYTJsSE9YY3dRa0ZSYzBaQlJFRldUVkpOZDBWUldVUldVVkZFUlhkd2NtUlhTbXdLWTIwMWJHUkhWbnBOUWpSWVJGUkplVTFFVFhoT1JFVXlUVlJSTVU0eGIxaEVWRTE1VFVSTmVFMVVSVEpOVkZFeFRqRnZkMFpVUlZSTlFrVkhRVEZWUlFwQmVFMUxZVE5XYVZwWVNuVmFXRkpzWTNwRFEwRlRTWGRFVVZsS1MyOWFTV2gyWTA1QlVVVkNRbEZCUkdkblJWQkJSRU5EUVZGdlEyZG5SVUpCVERKakNsUjNRM2Q0TVN0YU1raG9WM0JwYzFFdmFXbEJUekJLUTJSMmMwaEhSblJqZVhSdVVrRm1jM1JLYTFGRmIwaENNRXRyYnpoRFIyWk5Ra0Z5SzFsRGRtZ0tVM3BoSzB0a1EybFllVmRwSzNVeFlURXhWelkwZHpSTlNFbHJWMjFGVDBObmJ5OU5jblZTTXpoYVdqQnFiWEZwZFdsak9XbHlVMDl6UkZaM2FUUnNWUXBvVFVsWlRrUkRWRXBhZEV4cVRXVnZaRmxzVlVKV1dFVTBZMU5DV2xaUldURlZhWFphUkRNeVNtUlRlWFpJU1hseVRHTkJTVTFwVFhSS1dYUXphMWhTQ2toYVJtVkNZU3Q2WTI4M2RGSndTbEZDVFZFNFdsbDFOM1ZWVEZsWFRXVmFaMWRsTjBKNGNVRmFZMkpYUmxOUUszSkJiV0kzUVVjelRqWnNhbUZOSzNNS1kzTnVSalZZVkVkSmVFODFOa3BtWVc5alVWUXdPVGQ2TjNaSmVIQnlhM2R6VG1aMkwzbEVObFJhY1ZCeFZVRlFUVTEwWTBSRU0wRTRjVmxMTWpselNRcHBialZHWTJSU09IcExTMWh2UVZOa01HTnpRMEYzUlVGQllVNURUVVZCZDBSbldVUldVakJRUVZGSUwwSkJVVVJCWjB0clRVRTRSMEV4VldSRmQwVkNDaTkzVVVaTlFVMUNRV1k0ZDBoUldVUldVakJQUWtKWlJVWk1SRk5tVGpjMVdEWnhTRzFaWXpOSksxZDJlVGw0VG10aEwwNU5RVEJIUTFOeFIxTkpZak1LUkZGRlFrTjNWVUZCTkVsQ1FWRkJRWGx2ZFdGdVdYb3lSekJ4TXpGeWJIUXlTVWRQTVNzM05XeENWVlpYV0hCT05EQk1VazlsWkVKc05GWkxXSEpUS3dwaGMyUlpVM2t6UjBWRlNWTXdOV0UyVHpOM01WbDRhWFZvWnpsRVJ6VkJWREpyVDIxSFYxUTVaWGRRTTNCcWNVZGpaRlZGVFZOSFJqaDROVGhOUjFwTENtVkZTRXA2Wm1Sa0szRnJRMmRtYmxSTE1ucGtVVkZJTlROdVlrVkVUSFZUTWxWTFJFRkVMM2w1U1hkT05VZEJlbmxIUmxWNmMwTlhUbUZwYWt4TlIwc0tjVGRKVVZGbEswUnJRVXBEWWxBeVoxRnBXRzE2UjFWM1lscE5aV2QxUzB4NVlUUnRVME54YmtveFR6RnJaV1JwU1RsSVMyMTNlbGswUlhaQ1IwdE5id3BKZVdwaU0zQnBkekJNTkRCelZFb3pUa3gyZVZFelRHMHdWWG9yUVZVNVFUZE5SRmhEV2xKc2JFWlhSSHB2UlVST1RHUjRRa1J0ZFd0cmFVTXdWWFJLQ25SQ1EyVnRTWFl2YVZOT05tUkNZblZRZDJ4aWRFd3hObWREVXpOM01IUmpaRFpWVmdvdExTMHRMVVZPUkNCRFJWSlVTVVpKUTBGVVJTMHRMUzB0Q2c9PScgLS1hcGlzZXJ2ZXItZW5kcG9pbnQgJ2h0dHBzOi8vQjMzRTBFQTkzNDNERTI3RjBEMTY0N0I1ODY0ODI1MUYuZ3I3LnVzLXdlc3QtMi5la3MuYW1hem9uYXdzLmNvbScgIC0ta3ViZWxldC1leHRyYS1hcmdzICIiICdlZHVjYXRpb24tZWtzLUxtTW5jMGVtJw0KDQojIEFsbG93IHVzZXIgc3VwcGxpZWQgdXNlcmRhdGEgY29kZQ0KZWNobyBmb28gYmFyDQo=",
            "vpc_classic_link_id": "",
            "vpc_classic_link_security_groups": null
          },
          "sensitive_attributes": [],
          "private": "bnVsbA==",
          "dependencies": [
            "aws_security_group.worker_group_mgmt_one",
            "aws_security_group.worker_group_mgmt_two",
            "data.aws_availability_zones.available",
            "module.eks.aws_cloudwatch_log_group.this",
            "module.eks.aws_eks_cluster.this",
            "module.eks.aws_iam_instance_profile.workers",
            "module.eks.aws_iam_role.cluster",
            "module.eks.aws_iam_role_policy_attachment.cluster_AmazonEKSClusterPolicy",
            "module.eks.aws_iam_role_policy_attachment.cluster_AmazonEKSServicePolicy",
            "module.eks.aws_iam_role_policy_attachment.cluster_AmazonEKSVPCResourceControllerPolicy",
            "module.eks.aws_iam_role_policy_attachment.workers_AmazonEC2ContainerRegistryReadOnly",
            "module.eks.aws_iam_role_policy_attachment.workers_AmazonEKSWorkerNodePolicy",
            "module.eks.aws_iam_role_policy_attachment.workers_AmazonEKS_CNI_Policy",
            "module.eks.aws_iam_role_policy_attachment.workers_additional_policies",
            "module.eks.aws_security_group.cluster",
            "module.eks.aws_security_group.workers",
            "module.eks.aws_security_group_rule.cluster_egress_internet",
            "module.eks.aws_security_group_rule.cluster_https_worker_ingress",
            "module.eks.aws_security_group_rule.cluster_primary_ingress_workers",
            "module.eks.aws_security_group_rule.workers_egress_internet",
            "module.eks.aws_security_group_rule.workers_ingress_cluster",
            "module.eks.aws_security_group_rule.workers_ingress_cluster_https",
            "module.eks.aws_security_group_rule.workers_ingress_cluster_kubelet",
            "module.eks.aws_security_group_rule.workers_ingress_cluster_primary",
            "module.eks.aws_security_group_rule.workers_ingress_self",
            "module.eks.data.aws_ami.eks_worker",
            "module.eks.data.aws_ami.eks_worker_windows",
            "module.eks.data.aws_iam_instance_profile.custom_worker_group_iam_instance_profile",
            "module.eks.data.aws_iam_role.custom_cluster_iam_role",
            "module.vpc.aws_subnet.private",
            "module.vpc.aws_vpc.this",
            "module.vpc.aws_vpc_ipv4_cidr_block_association.this",
            "random_string.suffix"
          ],
          "create_before_destroy": true
        },
        {
          "index_key": 1,
          "schema_version": 0,
          "attributes": {
            "arn": "arn:aws:autoscaling:us-west-2:752399564322:launchConfiguration:30a9a8b1-f3cd-431e-9f97-8f7e4572d8a3:launchConfigurationName/education-eks-LmMnc0em-worker-group-220220314161839430100000006",
            "associate_public_ip_address": false,
            "ebs_block_device": [],
            "ebs_optimized": false,
            "enable_monitoring": true,
            "ephemeral_block_device": [],
            "iam_instance_profile": "education-eks-LmMnc0em2022031411501242650000000f",
            "id": "education-eks-LmMnc0em-worker-group-220220314161839430100000006",
            "image_id": "ami-0739f755362d08adc",
            "instance_type": "t2.medium",
            "key_name": "",
            "metadata_options": [
              {
                "http_endpoint": "enabled",
                "http_put_response_hop_limit": 1,
                "http_tokens": "optional"
              }
            ],
            "name": "education-eks-LmMnc0em-worker-group-220220314161839430100000006",
            "name_prefix": "education-eks-LmMnc0em-worker-group-2",
            "placement_tenancy": "",
            "root_block_device": [
              {
                "delete_on_termination": true,
                "encrypted": false,
                "iops": 0,
                "throughput": 0,
                "volume_size": 100,
                "volume_type": "gp2"
              }
            ],
            "security_groups": [
              "sg-069d5404fd00b1eae",
              "sg-0cd6363b6b582dc94"
            ],
            "spot_price": "",
            "user_data": null,
            "user_data_base64": "IyEvYmluL2Jhc2ggLWUNCg0KIyBBbGxvdyB1c2VyIHN1cHBsaWVkIHByZSB1c2VyZGF0YSBjb2RlDQoNCg0KIyBCb290c3RyYXAgYW5kIGpvaW4gdGhlIGNsdXN0ZXINCi9ldGMvZWtzL2Jvb3RzdHJhcC5zaCAtLWI2NC1jbHVzdGVyLWNhICdMUzB0TFMxQ1JVZEpUaUJEUlZKVVNVWkpRMEZVUlMwdExTMHRDazFKU1VNMWVrTkRRV01yWjBGM1NVSkJaMGxDUVVSQlRrSm5hM0ZvYTJsSE9YY3dRa0ZSYzBaQlJFRldUVkpOZDBWUldVUldVVkZFUlhkd2NtUlhTbXdLWTIwMWJHUkhWbnBOUWpSWVJGUkplVTFFVFhoT1JFVXlUVlJSTVU0eGIxaEVWRTE1VFVSTmVFMVVSVEpOVkZFeFRqRnZkMFpVUlZSTlFrVkhRVEZWUlFwQmVFMUxZVE5XYVZwWVNuVmFXRkpzWTNwRFEwRlRTWGRFVVZsS1MyOWFTV2gyWTA1QlVVVkNRbEZCUkdkblJWQkJSRU5EUVZGdlEyZG5SVUpCVERKakNsUjNRM2Q0TVN0YU1raG9WM0JwYzFFdmFXbEJUekJLUTJSMmMwaEhSblJqZVhSdVVrRm1jM1JLYTFGRmIwaENNRXRyYnpoRFIyWk5Ra0Z5SzFsRGRtZ0tVM3BoSzB0a1EybFllVmRwSzNVeFlURXhWelkwZHpSTlNFbHJWMjFGVDBObmJ5OU5jblZTTXpoYVdqQnFiWEZwZFdsak9XbHlVMDl6UkZaM2FUUnNWUXBvVFVsWlRrUkRWRXBhZEV4cVRXVnZaRmxzVlVKV1dFVTBZMU5DV2xaUldURlZhWFphUkRNeVNtUlRlWFpJU1hseVRHTkJTVTFwVFhSS1dYUXphMWhTQ2toYVJtVkNZU3Q2WTI4M2RGSndTbEZDVFZFNFdsbDFOM1ZWVEZsWFRXVmFaMWRsTjBKNGNVRmFZMkpYUmxOUUszSkJiV0kzUVVjelRqWnNhbUZOSzNNS1kzTnVSalZZVkVkSmVFODFOa3BtWVc5alVWUXdPVGQ2TjNaSmVIQnlhM2R6VG1aMkwzbEVObFJhY1ZCeFZVRlFUVTEwWTBSRU0wRTRjVmxMTWpselNRcHBialZHWTJSU09IcExTMWh2UVZOa01HTnpRMEYzUlVGQllVNURUVVZCZDBSbldVUldVakJRUVZGSUwwSkJVVVJCWjB0clRVRTRSMEV4VldSRmQwVkNDaTkzVVVaTlFVMUNRV1k0ZDBoUldVUldVakJQUWtKWlJVWk1SRk5tVGpjMVdEWnhTRzFaWXpOSksxZDJlVGw0VG10aEwwNU5RVEJIUTFOeFIxTkpZak1LUkZGRlFrTjNWVUZCTkVsQ1FWRkJRWGx2ZFdGdVdYb3lSekJ4TXpGeWJIUXlTVWRQTVNzM05XeENWVlpYV0hCT05EQk1VazlsWkVKc05GWkxXSEpUS3dwaGMyUlpVM2t6UjBWRlNWTXdOV0UyVHpOM01WbDRhWFZvWnpsRVJ6VkJWREpyVDIxSFYxUTVaWGRRTTNCcWNVZGpaRlZGVFZOSFJqaDROVGhOUjFwTENtVkZTRXA2Wm1Sa0szRnJRMmRtYmxSTE1ucGtVVkZJTlROdVlrVkVUSFZUTWxWTFJFRkVMM2w1U1hkT05VZEJlbmxIUmxWNmMwTlhUbUZwYWt4TlIwc0tjVGRKVVZGbEswUnJRVXBEWWxBeVoxRnBXRzE2UjFWM1lscE5aV2QxUzB4NVlUUnRVME54YmtveFR6RnJaV1JwU1RsSVMyMTNlbGswUlhaQ1IwdE5id3BKZVdwaU0zQnBkekJNTkRCelZFb3pUa3gyZVZFelRHMHdWWG9yUVZVNVFUZE5SRmhEV2xKc2JFWlhSSHB2UlVST1RHUjRRa1J0ZFd0cmFVTXdWWFJLQ25SQ1EyVnRTWFl2YVZOT05tUkNZblZRZDJ4aWRFd3hObWREVXpOM01IUmpaRFpWVmdvdExTMHRMVVZPUkNCRFJWSlVTVVpKUTBGVVJTMHRMUzB0Q2c9PScgLS1hcGlzZXJ2ZXItZW5kcG9pbnQgJ2h0dHBzOi8vQjMzRTBFQTkzNDNERTI3RjBEMTY0N0I1ODY0ODI1MUYuZ3I3LnVzLXdlc3QtMi5la3MuYW1hem9uYXdzLmNvbScgIC0ta3ViZWxldC1leHRyYS1hcmdzICIiICdlZHVjYXRpb24tZWtzLUxtTW5jMGVtJw0KDQojIEFsbG93IHVzZXIgc3VwcGxpZWQgdXNlcmRhdGEgY29kZQ0KZWNobyBmb28gYmFyDQo=",
            "vpc_classic_link_id": "",
            "vpc_classic_link_security_groups": null
          },
          "sensitive_attributes": [],
          "private": "bnVsbA==",
          "dependencies": [
            "aws_security_group.worker_group_mgmt_one",
            "aws_security_group.worker_group_mgmt_two",
            "data.aws_availability_zones.available",
            "module.eks.aws_cloudwatch_log_group.this",
            "module.eks.aws_eks_cluster.this",
            "module.eks.aws_iam_instance_profile.workers",
            "module.eks.aws_iam_role.cluster",
            "module.eks.aws_iam_role_policy_attachment.cluster_AmazonEKSClusterPolicy",
            "module.eks.aws_iam_role_policy_attachment.cluster_AmazonEKSServicePolicy",
            "module.eks.aws_iam_role_policy_attachment.cluster_AmazonEKSVPCResourceControllerPolicy",
            "module.eks.aws_iam_role_policy_attachment.workers_AmazonEC2ContainerRegistryReadOnly",
            "module.eks.aws_iam_role_policy_attachment.workers_AmazonEKSWorkerNodePolicy",
            "module.eks.aws_iam_role_policy_attachment.workers_AmazonEKS_CNI_Policy",
            "module.eks.aws_iam_role_policy_attachment.workers_additional_policies",
            "module.eks.aws_security_group.cluster",
            "module.eks.aws_security_group.workers",
            "module.eks.aws_security_group_rule.cluster_egress_internet",
            "module.eks.aws_security_group_rule.cluster_https_worker_ingress",
            "module.eks.aws_security_group_rule.cluster_primary_ingress_workers",
            "module.eks.aws_security_group_rule.workers_egress_internet",
            "module.eks.aws_security_group_rule.workers_ingress_cluster",
            "module.eks.aws_security_group_rule.workers_ingress_cluster_https",
            "module.eks.aws_security_group_rule.workers_ingress_cluster_kubelet",
            "module.eks.aws_security_group_rule.workers_ingress_cluster_primary",
            "module.eks.aws_security_group_rule.workers_ingress_self",
            "module.eks.data.aws_ami.eks_worker",
            "module.eks.data.aws_ami.eks_worker_windows",
            "module.eks.data.aws_iam_instance_profile.custom_worker_group_iam_instance_profile",
            "module.eks.data.aws_iam_role.custom_cluster_iam_role",
            "module.vpc.aws_subnet.private",
            "module.vpc.aws_vpc.this",
            "module.vpc.aws_vpc_ipv4_cidr_block_association.this",
            "random_string.suffix"
          ],
          "create_before_destroy": true
        }
      ]
    },
    {
      "module": "module.eks",
      "mode": "managed",
      "type": "aws_security_group",
      "name": "cluster",
      "provider": "provider[\"registry.terraform.io/hashicorp/aws\"]",
      "instances": [
        {
          "index_key": 0,
          "schema_version": 1,
          "attributes": {
            "arn": "arn:aws:ec2:us-west-2:752399564322:security-group/sg-077d7fd4a40f5fa8c",
            "description": "EKS cluster security group.",
            "egress": [],
            "id": "sg-077d7fd4a40f5fa8c",
            "ingress": [],
            "name": "education-eks-LmMnc0em20220314160804863600000005",
            "name_prefix": "education-eks-LmMnc0em",
            "owner_id": "752399564322",
            "revoke_rules_on_delete": false,
            "tags": {
              "Name": "education-eks-LmMnc0em-eks_cluster_sg"
            },
            "tags_all": {
              "Name": "education-eks-LmMnc0em-eks_cluster_sg"
            },
            "timeouts": null,
            "vpc_id": "vpc-0a7e1d564cbf870ad"
          },
          "sensitive_attributes": [],
          "private": "eyJlMmJmYjczMC1lY2FhLTExZTYtOGY4OC0zNDM2M2JjN2M0YzAiOnsiY3JlYXRlIjo2MDAwMDAwMDAwMDAsImRlbGV0ZSI6OTAwMDAwMDAwMDAwfSwic2NoZW1hX3ZlcnNpb24iOiIxIn0=",
          "dependencies": [
            "module.vpc.aws_vpc.this",
            "random_string.suffix"
          ],
          "create_before_destroy": true
        }
      ]
    },
    {
      "module": "module.eks",
      "mode": "managed",
      "type": "aws_security_group",
      "name": "workers",
      "provider": "provider[\"registry.terraform.io/hashicorp/aws\"]",
      "instances": [
        {
          "index_key": 0,
          "schema_version": 1,
          "attributes": {
            "arn": "arn:aws:ec2:us-west-2:752399564322:security-group/sg-069d5404fd00b1eae",
            "description": "Security group for all nodes in the cluster.",
            "egress": [],
            "id": "sg-069d5404fd00b1eae",
            "ingress": [],
            "name": "education-eks-LmMnc0em20220314160804856800000004",
            "name_prefix": "education-eks-LmMnc0em",
            "owner_id": "752399564322",
            "revoke_rules_on_delete": false,
            "tags": {
              "Name": "education-eks-LmMnc0em-eks_worker_sg",
              "kubernetes.io/cluster/education-eks-LmMnc0em": "owned"
            },
            "tags_all": {
              "Name": "education-eks-LmMnc0em-eks_worker_sg",
              "kubernetes.io/cluster/education-eks-LmMnc0em": "owned"
            },
            "timeouts": null,
            "vpc_id": "vpc-0a7e1d564cbf870ad"
          },
          "sensitive_attributes": [],
          "private": "eyJlMmJmYjczMC1lY2FhLTExZTYtOGY4OC0zNDM2M2JjN2M0YzAiOnsiY3JlYXRlIjo2MDAwMDAwMDAwMDAsImRlbGV0ZSI6OTAwMDAwMDAwMDAwfSwic2NoZW1hX3ZlcnNpb24iOiIxIn0=",
          "dependencies": [
            "module.vpc.aws_vpc.this",
            "random_string.suffix"
          ],
          "create_before_destroy": true
        }
      ]
    },
    {
      "module": "module.eks",
      "mode": "managed",
      "type": "aws_security_group_rule",
      "name": "cluster_egress_internet",
      "provider": "provider[\"registry.terraform.io/hashicorp/aws\"]",
      "instances": [
        {
          "index_key": 0,
          "schema_version": 2,
          "attributes": {
            "cidr_blocks": [
              "0.0.0.0/0"
            ],
            "description": "Allow cluster egress access to the Internet.",
            "from_port": 0,
            "id": "sgrule-1066469531",
            "ipv6_cidr_blocks": null,
            "prefix_list_ids": null,
            "protocol": "-1",
            "security_group_id": "sg-077d7fd4a40f5fa8c",
            "self": false,
            "source_security_group_id": null,
            "to_port": 0,
            "type": "egress"
          },
          "sensitive_attributes": [],
          "private": "eyJzY2hlbWFfdmVyc2lvbiI6IjIifQ==",
          "dependencies": [
            "module.eks.aws_security_group.cluster",
            "module.vpc.aws_vpc.this",
            "random_string.suffix"
          ],
          "create_before_destroy": true
        }
      ]
    },
    {
      "module": "module.eks",
      "mode": "managed",
      "type": "aws_security_group_rule",
      "name": "cluster_https_worker_ingress",
      "provider": "provider[\"registry.terraform.io/hashicorp/aws\"]",
      "instances": [
        {
          "index_key": 0,
          "schema_version": 2,
          "attributes": {
            "cidr_blocks": null,
            "description": "Allow pods to communicate with the EKS cluster API.",
            "from_port": 443,
            "id": "sgrule-290663339",
            "ipv6_cidr_blocks": null,
            "prefix_list_ids": null,
            "protocol": "tcp",
            "security_group_id": "sg-077d7fd4a40f5fa8c",
            "self": false,
            "source_security_group_id": "sg-069d5404fd00b1eae",
            "to_port": 443,
            "type": "ingress"
          },
          "sensitive_attributes": [],
          "private": "eyJzY2hlbWFfdmVyc2lvbiI6IjIifQ==",
          "dependencies": [
            "module.eks.aws_security_group.cluster",
            "module.eks.aws_security_group.workers",
            "module.vpc.aws_vpc.this",
            "random_string.suffix"
          ],
          "create_before_destroy": true
        }
      ]
    },
    {
      "module": "module.eks",
      "mode": "managed",
      "type": "aws_security_group_rule",
      "name": "workers_egress_internet",
      "provider": "provider[\"registry.terraform.io/hashicorp/aws\"]",
      "instances": [
        {
          "index_key": 0,
          "schema_version": 2,
          "attributes": {
            "cidr_blocks": [
              "0.0.0.0/0"
            ],
            "description": "Allow nodes all egress to the Internet.",
            "from_port": 0,
            "id": "sgrule-690136637",
            "ipv6_cidr_blocks": null,
            "prefix_list_ids": null,
            "protocol": "-1",
            "security_group_id": "sg-069d5404fd00b1eae",
            "self": false,
            "source_security_group_id": null,
            "to_port": 0,
            "type": "egress"
          },
          "sensitive_attributes": [],
          "private": "eyJzY2hlbWFfdmVyc2lvbiI6IjIifQ==",
          "dependencies": [
            "module.eks.aws_security_group.workers",
            "module.vpc.aws_vpc.this",
            "random_string.suffix"
          ],
          "create_before_destroy": true
        }
      ]
    },
    {
      "module": "module.eks",
      "mode": "managed",
      "type": "aws_security_group_rule",
      "name": "workers_ingress_cluster",
      "provider": "provider[\"registry.terraform.io/hashicorp/aws\"]",
      "instances": [
        {
          "index_key": 0,
          "schema_version": 2,
          "attributes": {
            "cidr_blocks": null,
            "description": "Allow workers pods to receive communication from the cluster control plane.",
            "from_port": 1025,
            "id": "sgrule-308942619",
            "ipv6_cidr_blocks": null,
            "prefix_list_ids": null,
            "protocol": "tcp",
            "security_group_id": "sg-069d5404fd00b1eae",
            "self": false,
            "source_security_group_id": "sg-077d7fd4a40f5fa8c",
            "to_port": 65535,
            "type": "ingress"
          },
          "sensitive_attributes": [],
          "private": "eyJzY2hlbWFfdmVyc2lvbiI6IjIifQ==",
          "dependencies": [
            "module.eks.aws_security_group.cluster",
            "module.eks.aws_security_group.workers",
            "module.vpc.aws_vpc.this",
            "random_string.suffix"
          ],
          "create_before_destroy": true
        }
      ]
    },
    {
      "module": "module.eks",
      "mode": "managed",
      "type": "aws_security_group_rule",
      "name": "workers_ingress_cluster_https",
      "provider": "provider[\"registry.terraform.io/hashicorp/aws\"]",
      "instances": [
        {
          "index_key": 0,
          "schema_version": 2,
          "attributes": {
            "cidr_blocks": null,
            "description": "Allow pods running extension API servers on port 443 to receive communication from cluster control plane.",
            "from_port": 443,
            "id": "sgrule-659988054",
            "ipv6_cidr_blocks": null,
            "prefix_list_ids": null,
            "protocol": "tcp",
            "security_group_id": "sg-069d5404fd00b1eae",
            "self": false,
            "source_security_group_id": "sg-077d7fd4a40f5fa8c",
            "to_port": 443,
            "type": "ingress"
          },
          "sensitive_attributes": [],
          "private": "eyJzY2hlbWFfdmVyc2lvbiI6IjIifQ==",
          "dependencies": [
            "module.eks.aws_security_group.cluster",
            "module.eks.aws_security_group.workers",
            "module.vpc.aws_vpc.this",
            "random_string.suffix"
          ],
          "create_before_destroy": true
        }
      ]
    },
    {
      "module": "module.eks",
      "mode": "managed",
      "type": "aws_security_group_rule",
      "name": "workers_ingress_self",
      "provider": "provider[\"registry.terraform.io/hashicorp/aws\"]",
      "instances": [
        {
          "index_key": 0,
          "schema_version": 2,
          "attributes": {
            "cidr_blocks": null,
            "description": "Allow node to communicate with each other.",
            "from_port": 0,
            "id": "sgrule-155098316",
            "ipv6_cidr_blocks": null,
            "prefix_list_ids": null,
            "protocol": "-1",
            "security_group_id": "sg-069d5404fd00b1eae",
            "self": false,
            "source_security_group_id": "sg-069d5404fd00b1eae",
            "to_port": 65535,
            "type": "ingress"
          },
          "sensitive_attributes": [],
          "private": "eyJzY2hlbWFfdmVyc2lvbiI6IjIifQ==",
          "dependencies": [
            "module.eks.aws_security_group.workers",
            "module.vpc.aws_vpc.this",
            "random_string.suffix"
          ],
          "create_before_destroy": true
        }
      ]
    },
    {
      "module": "module.eks",
      "mode": "managed",
      "type": "kubernetes_config_map",
      "name": "aws_auth",
      "provider": "provider[\"registry.terraform.io/hashicorp/kubernetes\"]",
      "instances": [
        {
          "index_key": 0,
          "schema_version": 0,
          "attributes": {
            "binary_data": null,
            "data": {
              "mapAccounts": "[]\n",
              "mapRoles": "- \"groups\":\n  - \"system:bootstrappers\"\n  - \"system:nodes\"\n  \"rolearn\": \"arn:aws:iam::752399564322:role/education-eks-LmMnc0em2022031411500749570000000e\"\n  \"username\": \"system:node:{{EC2PrivateDNSName}}\"\n",
              "mapUsers": "[]\n"
            },
            "id": "kube-system/aws-auth",
            "metadata": [
              {
                "annotations": null,
                "generate_name": "",
                "generation": 0,
                "labels": {
                  "app.kubernetes.io/managed-by": "Terraform",
                  "terraform.io/module": "terraform-aws-modules.eks.aws"
                },
                "name": "aws-auth",
                "namespace": "kube-system",
                "resource_version": "679",
                "uid": "636d9280-c267-4d33-9608-a3d652801666"
              }
            ]
          },
          "sensitive_attributes": [],
          "private": "bnVsbA==",
          "dependencies": [
            "aws_security_group.worker_group_mgmt_one",
            "aws_security_group.worker_group_mgmt_two",
            "data.aws_availability_zones.available",
            "data.aws_eks_cluster.cluster",
            "data.aws_eks_cluster_auth.cluster",
            "module.eks.aws_cloudwatch_log_group.this",
            "module.eks.aws_eks_cluster.this",
            "module.eks.aws_iam_instance_profile.workers",
            "module.eks.aws_iam_instance_profile.workers_launch_template",
            "module.eks.aws_iam_role.cluster",
            "module.eks.aws_iam_role.workers",
            "module.eks.aws_iam_role_policy_attachment.cluster_AmazonEKSClusterPolicy",
            "module.eks.aws_iam_role_policy_attachment.cluster_AmazonEKSServicePolicy",
            "module.eks.aws_iam_role_policy_attachment.cluster_AmazonEKSVPCResourceControllerPolicy",
            "module.eks.aws_iam_role_policy_attachment.workers_AmazonEC2ContainerRegistryReadOnly",
            "module.eks.aws_iam_role_policy_attachment.workers_AmazonEKSWorkerNodePolicy",
            "module.eks.aws_iam_role_policy_attachment.workers_AmazonEKS_CNI_Policy",
            "module.eks.aws_security_group.cluster",
            "module.eks.aws_security_group.workers",
            "module.eks.aws_security_group_rule.cluster_egress_internet",
            "module.eks.aws_security_group_rule.cluster_https_worker_ingress",
            "module.eks.aws_security_group_rule.cluster_private_access_cidrs_source",
            "module.eks.aws_security_group_rule.cluster_private_access_sg_source",
            "module.eks.data.aws_ami.eks_worker",
            "module.eks.data.aws_ami.eks_worker_windows",
            "module.eks.data.aws_caller_identity.current",
            "module.eks.data.aws_iam_instance_profile.custom_worker_group_iam_instance_profile",
            "module.eks.data.aws_iam_instance_profile.custom_worker_group_launch_template_iam_instance_profile",
            "module.eks.data.aws_iam_role.custom_cluster_iam_role",
            "module.eks.data.aws_partition.current",
            "module.eks.data.http.wait_for_cluster",
            "module.eks.module.fargate.aws_iam_role.eks_fargate_pod",
            "module.eks.module.fargate.data.aws_iam_role.custom_fargate_iam_role",
            "module.vpc.aws_subnet.private",
            "module.vpc.aws_vpc.this",
            "module.vpc.aws_vpc_ipv4_cidr_block_association.this",
            "random_string.suffix"
          ]
        }
      ]
    },
    {
      "module": "module.eks",
      "mode": "managed",
      "type": "local_file",
      "name": "kubeconfig",
      "provider": "provider[\"registry.terraform.io/hashicorp/local\"]",
      "instances": [
        {
          "index_key": 0,
          "schema_version": 0,
          "attributes": {
            "content": "apiVersion: v1\r\npreferences: {}\r\nkind: Config\r\n\r\nclusters:\r\n- cluster:\r\n    server: https://B33E0EA9343DE27F0D1647B58648251F.gr7.us-west-2.eks.amazonaws.com\r\n    certificate-authority-data: LS0tLS1CRUdJTiBDRVJUSUZJQ0FURS0tLS0tCk1JSUM1ekNDQWMrZ0F3SUJBZ0lCQURBTkJna3Foa2lHOXcwQkFRc0ZBREFWTVJNd0VRWURWUVFERXdwcmRXSmwKY201bGRHVnpNQjRYRFRJeU1ETXhOREUyTVRRMU4xb1hEVE15TURNeE1URTJNVFExTjFvd0ZURVRNQkVHQTFVRQpBeE1LYTNWaVpYSnVaWFJsY3pDQ0FTSXdEUVlKS29aSWh2Y05BUUVCQlFBRGdnRVBBRENDQVFvQ2dnRUJBTDJjClR3Q3d4MStaMkhoV3Bpc1EvaWlBTzBKQ2R2c0hHRnRjeXRuUkFmc3RKa1FFb0hCMEtrbzhDR2ZNQkFyK1lDdmgKU3phK0tkQ2lYeVdpK3UxYTExVzY0dzRNSElrV21FT0Nnby9NcnVSMzhaWjBqbXFpdWljOWlyU09zRFZ3aTRsVQpoTUlZTkRDVEpadExqTWVvZFlsVUJWWEU0Y1NCWlZRWTFVaXZaRDMySmRTeXZISXlyTGNBSU1pTXRKWXQza1hSCkhaRmVCYSt6Y283dFJwSlFCTVE4Wll1N3VVTFlXTWVaZ1dlN0J4cUFaY2JXRlNQK3JBbWI3QUczTjZsamFNK3MKY3NuRjVYVEdJeE81NkpmYW9jUVQwOTd6N3ZJeHBya3dzTmZ2L3lENlRacVBxVUFQTU10Y0REM0E4cVlLMjlzSQppbjVGY2RSOHpLS1hvQVNkMGNzQ0F3RUFBYU5DTUVBd0RnWURWUjBQQVFIL0JBUURBZ0trTUE4R0ExVWRFd0VCCi93UUZNQU1CQWY4d0hRWURWUjBPQkJZRUZMRFNmTjc1WDZxSG1ZYzNJK1d2eTl4TmthL05NQTBHQ1NxR1NJYjMKRFFFQkN3VUFBNElCQVFBQXlvdWFuWXoyRzBxMzFybHQySUdPMSs3NWxCVVZXWHBONDBMUk9lZEJsNFZLWHJTKwphc2RZU3kzR0VFSVMwNWE2TzN3MVl4aXVoZzlERzVBVDJrT21HV1Q5ZXdQM3BqcUdjZFVFTVNHRjh4NThNR1pLCmVFSEp6ZmRkK3FrQ2dmblRLMnpkUVFINTNuYkVETHVTMlVLREFEL3l5SXdONUdBenlHRlV6c0NXTmFpakxNR0sKcTdJUVFlK0RrQUpDYlAyZ1FpWG16R1V3YlpNZWd1S0x5YTRtU0NxbkoxTzFrZWRpSTlIS213elk0RXZCR0tNbwpJeWpiM3BpdzBMNDBzVEozTkx2eVEzTG0wVXorQVU5QTdNRFhDWlJsbEZXRHpvRUROTGR4QkRtdWtraUMwVXRKCnRCQ2VtSXYvaVNONmRCYnVQd2xidEwxNmdDUzN3MHRjZDZVVgotLS0tLUVORCBDRVJUSUZJQ0FURS0tLS0tCg==\r\n  name: eks_education-eks-LmMnc0em\r\n\r\ncontexts:\r\n- context:\r\n    cluster: eks_education-eks-LmMnc0em\r\n    user: eks_education-eks-LmMnc0em\r\n  name: eks_education-eks-LmMnc0em\r\n\r\ncurrent-context: eks_education-eks-LmMnc0em\r\n\r\nusers:\r\n- name: eks_education-eks-LmMnc0em\r\n  user:\r\n    exec:\r\n      apiVersion: client.authentication.k8s.io/v1alpha1\r\n      command: aws-iam-authenticator\r\n      args:\r\n        - \"token\"\r\n        - \"-i\"\r\n        - \"education-eks-LmMnc0em\"\r\n",
            "content_base64": null,
            "directory_permission": "0755",
            "file_permission": "0600",
            "filename": "./kubeconfig_education-eks-LmMnc0em",
            "id": "125d1976b4cf0ed2d30fb392e729c4d75e36a91e",
            "sensitive_content": null,
            "source": null
          },
          "sensitive_attributes": [],
          "private": "bnVsbA==",
          "dependencies": [
            "data.aws_availability_zones.available",
            "module.eks.aws_cloudwatch_log_group.this",
            "module.eks.aws_eks_cluster.this",
            "module.eks.aws_iam_role.cluster",
            "module.eks.aws_iam_role_policy_attachment.cluster_AmazonEKSClusterPolicy",
            "module.eks.aws_iam_role_policy_attachment.cluster_AmazonEKSServicePolicy",
            "module.eks.aws_iam_role_policy_attachment.cluster_AmazonEKSVPCResourceControllerPolicy",
            "module.eks.aws_security_group.cluster",
            "module.eks.aws_security_group.workers",
            "module.eks.aws_security_group_rule.cluster_egress_internet",
            "module.eks.aws_security_group_rule.cluster_https_worker_ingress",
            "module.eks.data.aws_iam_role.custom_cluster_iam_role",
            "module.vpc.aws_subnet.private",
            "module.vpc.aws_vpc.this",
            "module.vpc.aws_vpc_ipv4_cidr_block_association.this",
            "random_string.suffix"
          ]
        }
      ]
    },
    {
      "module": "module.eks.module.fargate",
      "mode": "data",
      "type": "aws_partition",
      "name": "current",
      "provider": "provider[\"registry.terraform.io/hashicorp/aws\"]",
      "instances": [
        {
          "schema_version": 0,
          "attributes": {
            "dns_suffix": "amazonaws.com",
            "id": "aws",
            "partition": "aws",
            "reverse_dns_prefix": "com.amazonaws"
          },
          "sensitive_attributes": []
        }
      ]
    },
    {
      "module": "module.vpc",
      "mode": "managed",
      "type": "aws_eip",
      "name": "nat",
      "provider": "provider[\"registry.terraform.io/hashicorp/aws\"]",
      "instances": [
        {
          "index_key": 0,
          "schema_version": 0,
          "attributes": {
            "address": null,
            "allocation_id": "eipalloc-04945571bb6641ca5",
            "associate_with_private_ip": null,
            "association_id": "",
            "carrier_ip": "",
            "customer_owned_ip": "",
            "customer_owned_ipv4_pool": "",
            "domain": "vpc",
            "id": "eipalloc-04945571bb6641ca5",
            "instance": "",
            "network_border_group": "us-west-2",
            "network_interface": "",
            "private_dns": null,
            "private_ip": "",
            "public_dns": "ec2-54-190-36-180.us-west-2.compute.amazonaws.com",
            "public_ip": "54.190.36.180",
            "public_ipv4_pool": "amazon",
            "tags": {
              "Name": "education-vpc-us-west-2a",
              "kubernetes.io/cluster/education-eks-LmMnc0em": "shared"
            },
            "tags_all": {
              "Name": "education-vpc-us-west-2a",
              "kubernetes.io/cluster/education-eks-LmMnc0em": "shared"
            },
            "timeouts": null,
            "vpc": true
          },
          "sensitive_attributes": [],
          "private": "eyJlMmJmYjczMC1lY2FhLTExZTYtOGY4OC0zNDM2M2JjN2M0YzAiOnsiZGVsZXRlIjoxODAwMDAwMDAwMDAsInJlYWQiOjkwMDAwMDAwMDAwMCwidXBkYXRlIjozMDAwMDAwMDAwMDB9fQ==",
          "dependencies": [
            "data.aws_availability_zones.available",
            "random_string.suffix"
          ]
        }
      ]
    },
    {
      "module": "module.vpc",
      "mode": "managed",
      "type": "aws_internet_gateway",
      "name": "this",
      "provider": "provider[\"registry.terraform.io/hashicorp/aws\"]",
      "instances": [
        {
          "index_key": 0,
          "schema_version": 0,
          "attributes": {
            "arn": "arn:aws:ec2:us-west-2:752399564322:internet-gateway/igw-07d1d2203f2d15e57",
            "id": "igw-07d1d2203f2d15e57",
            "owner_id": "752399564322",
            "tags": {
              "Name": "education-vpc",
              "kubernetes.io/cluster/education-eks-LmMnc0em": "shared"
            },
            "tags_all": {
              "Name": "education-vpc",
              "kubernetes.io/cluster/education-eks-LmMnc0em": "shared"
            },
            "vpc_id": "vpc-0a7e1d564cbf870ad"
          },
          "sensitive_attributes": [],
          "private": "bnVsbA==",
          "dependencies": [
            "module.vpc.aws_vpc.this",
            "module.vpc.aws_vpc_ipv4_cidr_block_association.this",
            "random_string.suffix"
          ]
        }
      ]
    },
    {
      "module": "module.vpc",
      "mode": "managed",
      "type": "aws_nat_gateway",
      "name": "this",
      "provider": "provider[\"registry.terraform.io/hashicorp/aws\"]",
      "instances": [
        {
          "index_key": 0,
          "schema_version": 0,
          "attributes": {
            "allocation_id": "eipalloc-04945571bb6641ca5",
            "connectivity_type": "public",
            "id": "nat-02c8366715bc2559c",
            "network_interface_id": "eni-025518fb7892ce27a",
            "private_ip": "10.0.4.17",
            "public_ip": "54.190.36.180",
            "subnet_id": "subnet-075a6f17cee67171a",
            "tags": {
              "Name": "education-vpc-us-west-2a",
              "kubernetes.io/cluster/education-eks-LmMnc0em": "shared"
            },
            "tags_all": {
              "Name": "education-vpc-us-west-2a",
              "kubernetes.io/cluster/education-eks-LmMnc0em": "shared"
            }
          },
          "sensitive_attributes": [],
          "private": "bnVsbA==",
          "dependencies": [
            "data.aws_availability_zones.available",
            "module.vpc.aws_eip.nat",
            "module.vpc.aws_internet_gateway.this",
            "module.vpc.aws_subnet.public",
            "module.vpc.aws_vpc.this",
            "module.vpc.aws_vpc_ipv4_cidr_block_association.this",
            "random_string.suffix"
          ]
        }
      ]
    },
    {
      "module": "module.vpc",
      "mode": "managed",
      "type": "aws_route",
      "name": "private_nat_gateway",
      "provider": "provider[\"registry.terraform.io/hashicorp/aws\"]",
      "instances": [
        {
          "index_key": 0,
          "schema_version": 0,
          "attributes": {
            "carrier_gateway_id": "",
            "destination_cidr_block": "0.0.0.0/0",
            "destination_ipv6_cidr_block": "",
            "destination_prefix_list_id": "",
            "egress_only_gateway_id": "",
            "gateway_id": "",
            "id": "r-rtb-0432de3bd547e6dd81080289494",
            "instance_id": "",
            "instance_owner_id": "",
            "local_gateway_id": "",
            "nat_gateway_id": "nat-02c8366715bc2559c",
            "network_interface_id": "",
            "origin": "CreateRoute",
            "route_table_id": "rtb-0432de3bd547e6dd8",
            "state": "active",
            "timeouts": {
              "create": "5m",
              "delete": null,
              "update": null
            },
            "transit_gateway_id": "",
            "vpc_endpoint_id": "",
            "vpc_peering_connection_id": ""
          },
          "sensitive_attributes": [],
          "private": "eyJlMmJmYjczMC1lY2FhLTExZTYtOGY4OC0zNDM2M2JjN2M0YzAiOnsiY3JlYXRlIjozMDAwMDAwMDAwMDAsImRlbGV0ZSI6MzAwMDAwMDAwMDAwLCJ1cGRhdGUiOjEyMDAwMDAwMDAwMH19",
          "dependencies": [
            "data.aws_availability_zones.available",
            "module.vpc.aws_eip.nat",
            "module.vpc.aws_internet_gateway.this",
            "module.vpc.aws_nat_gateway.this",
            "module.vpc.aws_route_table.private",
            "module.vpc.aws_subnet.public",
            "module.vpc.aws_vpc.this",
            "module.vpc.aws_vpc_ipv4_cidr_block_association.this",
            "random_string.suffix"
          ]
        }
      ]
    },
    {
      "module": "module.vpc",
      "mode": "managed",
      "type": "aws_route",
      "name": "public_internet_gateway",
      "provider": "provider[\"registry.terraform.io/hashicorp/aws\"]",
      "instances": [
        {
          "index_key": 0,
          "schema_version": 0,
          "attributes": {
            "carrier_gateway_id": "",
            "destination_cidr_block": "0.0.0.0/0",
            "destination_ipv6_cidr_block": "",
            "destination_prefix_list_id": "",
            "egress_only_gateway_id": "",
            "gateway_id": "igw-07d1d2203f2d15e57",
            "id": "r-rtb-04761c12a7ff8414b1080289494",
            "instance_id": "",
            "instance_owner_id": "",
            "local_gateway_id": "",
            "nat_gateway_id": "",
            "network_interface_id": "",
            "origin": "CreateRoute",
            "route_table_id": "rtb-04761c12a7ff8414b",
            "state": "active",
            "timeouts": {
              "create": "5m",
              "delete": null,
              "update": null
            },
            "transit_gateway_id": "",
            "vpc_endpoint_id": "",
            "vpc_peering_connection_id": ""
          },
          "sensitive_attributes": [],
          "private": "eyJlMmJmYjczMC1lY2FhLTExZTYtOGY4OC0zNDM2M2JjN2M0YzAiOnsiY3JlYXRlIjozMDAwMDAwMDAwMDAsImRlbGV0ZSI6MzAwMDAwMDAwMDAwLCJ1cGRhdGUiOjEyMDAwMDAwMDAwMH19",
          "dependencies": [
            "module.vpc.aws_internet_gateway.this",
            "module.vpc.aws_route_table.public",
            "module.vpc.aws_vpc.this",
            "module.vpc.aws_vpc_ipv4_cidr_block_association.this",
            "random_string.suffix"
          ]
        }
      ]
    },
    {
      "module": "module.vpc",
      "mode": "managed",
      "type": "aws_route_table",
      "name": "private",
      "provider": "provider[\"registry.terraform.io/hashicorp/aws\"]",
      "instances": [
        {
          "index_key": 0,
          "schema_version": 0,
          "attributes": {
            "arn": "arn:aws:ec2:us-west-2:752399564322:route-table/rtb-0432de3bd547e6dd8",
            "id": "rtb-0432de3bd547e6dd8",
            "owner_id": "752399564322",
            "propagating_vgws": [],
            "route": [],
            "tags": {
              "Name": "education-vpc-private",
              "kubernetes.io/cluster/education-eks-LmMnc0em": "shared"
            },
            "tags_all": {
              "Name": "education-vpc-private",
              "kubernetes.io/cluster/education-eks-LmMnc0em": "shared"
            },
            "timeouts": null,
            "vpc_id": "vpc-0a7e1d564cbf870ad"
          },
          "sensitive_attributes": [],
          "private": "eyJlMmJmYjczMC1lY2FhLTExZTYtOGY4OC0zNDM2M2JjN2M0YzAiOnsiY3JlYXRlIjozMDAwMDAwMDAwMDAsImRlbGV0ZSI6MzAwMDAwMDAwMDAwLCJ1cGRhdGUiOjEyMDAwMDAwMDAwMH19",
          "dependencies": [
            "data.aws_availability_zones.available",
            "module.vpc.aws_vpc.this",
            "module.vpc.aws_vpc_ipv4_cidr_block_association.this",
            "random_string.suffix"
          ]
        }
      ]
    },
    {
      "module": "module.vpc",
      "mode": "managed",
      "type": "aws_route_table",
      "name": "public",
      "provider": "provider[\"registry.terraform.io/hashicorp/aws\"]",
      "instances": [
        {
          "index_key": 0,
          "schema_version": 0,
          "attributes": {
            "arn": "arn:aws:ec2:us-west-2:752399564322:route-table/rtb-04761c12a7ff8414b",
            "id": "rtb-04761c12a7ff8414b",
            "owner_id": "752399564322",
            "propagating_vgws": [],
            "route": [],
            "tags": {
              "Name": "education-vpc-public",
              "kubernetes.io/cluster/education-eks-LmMnc0em": "shared"
            },
            "tags_all": {
              "Name": "education-vpc-public",
              "kubernetes.io/cluster/education-eks-LmMnc0em": "shared"
            },
            "timeouts": null,
            "vpc_id": "vpc-0a7e1d564cbf870ad"
          },
          "sensitive_attributes": [],
          "private": "eyJlMmJmYjczMC1lY2FhLTExZTYtOGY4OC0zNDM2M2JjN2M0YzAiOnsiY3JlYXRlIjozMDAwMDAwMDAwMDAsImRlbGV0ZSI6MzAwMDAwMDAwMDAwLCJ1cGRhdGUiOjEyMDAwMDAwMDAwMH19",
          "dependencies": [
            "module.vpc.aws_vpc.this",
            "module.vpc.aws_vpc_ipv4_cidr_block_association.this",
            "random_string.suffix"
          ]
        }
      ]
    },
    {
      "module": "module.vpc",
      "mode": "managed",
      "type": "aws_route_table_association",
      "name": "private",
      "provider": "provider[\"registry.terraform.io/hashicorp/aws\"]",
      "instances": [
        {
          "index_key": 0,
          "schema_version": 0,
          "attributes": {
            "gateway_id": "",
            "id": "rtbassoc-02562a7305418a72d",
            "route_table_id": "rtb-0432de3bd547e6dd8",
            "subnet_id": "subnet-04bf98736a0ce6e71"
          },
          "sensitive_attributes": [],
          "private": "bnVsbA==",
          "dependencies": [
            "data.aws_availability_zones.available",
            "module.vpc.aws_route_table.private",
            "module.vpc.aws_subnet.private",
            "module.vpc.aws_vpc.this",
            "module.vpc.aws_vpc_ipv4_cidr_block_association.this",
            "random_string.suffix"
          ]
        },
        {
          "index_key": 1,
          "schema_version": 0,
          "attributes": {
            "gateway_id": "",
            "id": "rtbassoc-04e438fdc1776beee",
            "route_table_id": "rtb-0432de3bd547e6dd8",
            "subnet_id": "subnet-0b193f16030b56ae8"
          },
          "sensitive_attributes": [],
          "private": "bnVsbA==",
          "dependencies": [
            "data.aws_availability_zones.available",
            "module.vpc.aws_route_table.private",
            "module.vpc.aws_subnet.private",
            "module.vpc.aws_vpc.this",
            "module.vpc.aws_vpc_ipv4_cidr_block_association.this",
            "random_string.suffix"
          ]
        },
        {
          "index_key": 2,
          "schema_version": 0,
          "attributes": {
            "gateway_id": "",
            "id": "rtbassoc-062fdb64c5621dcaa",
            "route_table_id": "rtb-0432de3bd547e6dd8",
            "subnet_id": "subnet-0e7069e2edd969598"
          },
          "sensitive_attributes": [],
          "private": "bnVsbA==",
          "dependencies": [
            "data.aws_availability_zones.available",
            "module.vpc.aws_route_table.private",
            "module.vpc.aws_subnet.private",
            "module.vpc.aws_vpc.this",
            "module.vpc.aws_vpc_ipv4_cidr_block_association.this",
            "random_string.suffix"
          ]
        }
      ]
    },
    {
      "module": "module.vpc",
      "mode": "managed",
      "type": "aws_route_table_association",
      "name": "public",
      "provider": "provider[\"registry.terraform.io/hashicorp/aws\"]",
      "instances": [
        {
          "index_key": 0,
          "schema_version": 0,
          "attributes": {
            "gateway_id": "",
            "id": "rtbassoc-005624b5cf052c9e7",
            "route_table_id": "rtb-04761c12a7ff8414b",
            "subnet_id": "subnet-075a6f17cee67171a"
          },
          "sensitive_attributes": [],
          "private": "bnVsbA==",
          "dependencies": [
            "data.aws_availability_zones.available",
            "module.vpc.aws_route_table.public",
            "module.vpc.aws_subnet.public",
            "module.vpc.aws_vpc.this",
            "module.vpc.aws_vpc_ipv4_cidr_block_association.this",
            "random_string.suffix"
          ]
        },
        {
          "index_key": 1,
          "schema_version": 0,
          "attributes": {
            "gateway_id": "",
            "id": "rtbassoc-004fc6da9e627520c",
            "route_table_id": "rtb-04761c12a7ff8414b",
            "subnet_id": "subnet-0d64595aab98ec20d"
          },
          "sensitive_attributes": [],
          "private": "bnVsbA==",
          "dependencies": [
            "data.aws_availability_zones.available",
            "module.vpc.aws_route_table.public",
            "module.vpc.aws_subnet.public",
            "module.vpc.aws_vpc.this",
            "module.vpc.aws_vpc_ipv4_cidr_block_association.this",
            "random_string.suffix"
          ]
        },
        {
          "index_key": 2,
          "schema_version": 0,
          "attributes": {
            "gateway_id": "",
            "id": "rtbassoc-01f5c072bfd510d3a",
            "route_table_id": "rtb-04761c12a7ff8414b",
            "subnet_id": "subnet-03a4834c6e6fd1948"
          },
          "sensitive_attributes": [],
          "private": "bnVsbA==",
          "dependencies": [
            "data.aws_availability_zones.available",
            "module.vpc.aws_route_table.public",
            "module.vpc.aws_subnet.public",
            "module.vpc.aws_vpc.this",
            "module.vpc.aws_vpc_ipv4_cidr_block_association.this",
            "random_string.suffix"
          ]
        }
      ]
    },
    {
      "module": "module.vpc",
      "mode": "managed",
      "type": "aws_subnet",
      "name": "private",
      "provider": "provider[\"registry.terraform.io/hashicorp/aws\"]",
      "instances": [
        {
          "index_key": 0,
          "schema_version": 1,
          "attributes": {
            "arn": "arn:aws:ec2:us-west-2:752399564322:subnet/subnet-04bf98736a0ce6e71",
            "assign_ipv6_address_on_creation": false,
            "availability_zone": "us-west-2a",
            "availability_zone_id": "usw2-az1",
            "cidr_block": "10.0.1.0/24",
            "customer_owned_ipv4_pool": "",
            "enable_dns64": false,
            "enable_resource_name_dns_a_record_on_launch": false,
            "enable_resource_name_dns_aaaa_record_on_launch": false,
            "id": "subnet-04bf98736a0ce6e71",
            "ipv6_cidr_block": "",
            "ipv6_cidr_block_association_id": "",
            "ipv6_native": false,
            "map_customer_owned_ip_on_launch": false,
            "map_public_ip_on_launch": false,
            "outpost_arn": "",
            "owner_id": "752399564322",
            "private_dns_hostname_type_on_launch": "ip-name",
            "tags": {
              "Name": "education-vpc-private-us-west-2a",
              "kubernetes.io/cluster/education-eks-LmMnc0em": "shared",
              "kubernetes.io/role/internal-elb": "1"
            },
            "tags_all": {
              "Name": "education-vpc-private-us-west-2a",
              "kubernetes.io/cluster/education-eks-LmMnc0em": "shared",
              "kubernetes.io/role/internal-elb": "1"
            },
            "timeouts": null,
            "vpc_id": "vpc-0a7e1d564cbf870ad"
          },
          "sensitive_attributes": [],
          "private": "eyJlMmJmYjczMC1lY2FhLTExZTYtOGY4OC0zNDM2M2JjN2M0YzAiOnsiY3JlYXRlIjo2MDAwMDAwMDAwMDAsImRlbGV0ZSI6MTIwMDAwMDAwMDAwMH0sInNjaGVtYV92ZXJzaW9uIjoiMSJ9",
          "dependencies": [
            "data.aws_availability_zones.available",
            "module.vpc.aws_vpc.this",
            "module.vpc.aws_vpc_ipv4_cidr_block_association.this",
            "random_string.suffix"
          ],
          "create_before_destroy": true
        },
        {
          "index_key": 1,
          "schema_version": 1,
          "attributes": {
            "arn": "arn:aws:ec2:us-west-2:752399564322:subnet/subnet-0b193f16030b56ae8",
            "assign_ipv6_address_on_creation": false,
            "availability_zone": "us-west-2b",
            "availability_zone_id": "usw2-az2",
            "cidr_block": "10.0.2.0/24",
            "customer_owned_ipv4_pool": "",
            "enable_dns64": false,
            "enable_resource_name_dns_a_record_on_launch": false,
            "enable_resource_name_dns_aaaa_record_on_launch": false,
            "id": "subnet-0b193f16030b56ae8",
            "ipv6_cidr_block": "",
            "ipv6_cidr_block_association_id": "",
            "ipv6_native": false,
            "map_customer_owned_ip_on_launch": false,
            "map_public_ip_on_launch": false,
            "outpost_arn": "",
            "owner_id": "752399564322",
            "private_dns_hostname_type_on_launch": "ip-name",
            "tags": {
              "Name": "education-vpc-private-us-west-2b",
              "kubernetes.io/cluster/education-eks-LmMnc0em": "shared",
              "kubernetes.io/role/internal-elb": "1"
            },
            "tags_all": {
              "Name": "education-vpc-private-us-west-2b",
              "kubernetes.io/cluster/education-eks-LmMnc0em": "shared",
              "kubernetes.io/role/internal-elb": "1"
            },
            "timeouts": null,
            "vpc_id": "vpc-0a7e1d564cbf870ad"
          },
          "sensitive_attributes": [],
          "private": "eyJlMmJmYjczMC1lY2FhLTExZTYtOGY4OC0zNDM2M2JjN2M0YzAiOnsiY3JlYXRlIjo2MDAwMDAwMDAwMDAsImRlbGV0ZSI6MTIwMDAwMDAwMDAwMH0sInNjaGVtYV92ZXJzaW9uIjoiMSJ9",
          "dependencies": [
            "data.aws_availability_zones.available",
            "module.vpc.aws_vpc.this",
            "module.vpc.aws_vpc_ipv4_cidr_block_association.this",
            "random_string.suffix"
          ],
          "create_before_destroy": true
        },
        {
          "index_key": 2,
          "schema_version": 1,
          "attributes": {
            "arn": "arn:aws:ec2:us-west-2:752399564322:subnet/subnet-0e7069e2edd969598",
            "assign_ipv6_address_on_creation": false,
            "availability_zone": "us-west-2c",
            "availability_zone_id": "usw2-az3",
            "cidr_block": "10.0.3.0/24",
            "customer_owned_ipv4_pool": "",
            "enable_dns64": false,
            "enable_resource_name_dns_a_record_on_launch": false,
            "enable_resource_name_dns_aaaa_record_on_launch": false,
            "id": "subnet-0e7069e2edd969598",
            "ipv6_cidr_block": "",
            "ipv6_cidr_block_association_id": "",
            "ipv6_native": false,
            "map_customer_owned_ip_on_launch": false,
            "map_public_ip_on_launch": false,
            "outpost_arn": "",
            "owner_id": "752399564322",
            "private_dns_hostname_type_on_launch": "ip-name",
            "tags": {
              "Name": "education-vpc-private-us-west-2c",
              "kubernetes.io/cluster/education-eks-LmMnc0em": "shared",
              "kubernetes.io/role/internal-elb": "1"
            },
            "tags_all": {
              "Name": "education-vpc-private-us-west-2c",
              "kubernetes.io/cluster/education-eks-LmMnc0em": "shared",
              "kubernetes.io/role/internal-elb": "1"
            },
            "timeouts": null,
            "vpc_id": "vpc-0a7e1d564cbf870ad"
          },
          "sensitive_attributes": [],
          "private": "eyJlMmJmYjczMC1lY2FhLTExZTYtOGY4OC0zNDM2M2JjN2M0YzAiOnsiY3JlYXRlIjo2MDAwMDAwMDAwMDAsImRlbGV0ZSI6MTIwMDAwMDAwMDAwMH0sInNjaGVtYV92ZXJzaW9uIjoiMSJ9",
          "dependencies": [
            "data.aws_availability_zones.available",
            "module.vpc.aws_vpc.this",
            "module.vpc.aws_vpc_ipv4_cidr_block_association.this",
            "random_string.suffix"
          ],
          "create_before_destroy": true
        }
      ]
    },
    {
      "module": "module.vpc",
      "mode": "managed",
      "type": "aws_subnet",
      "name": "public",
      "provider": "provider[\"registry.terraform.io/hashicorp/aws\"]",
      "instances": [
        {
          "index_key": 0,
          "schema_version": 1,
          "attributes": {
            "arn": "arn:aws:ec2:us-west-2:752399564322:subnet/subnet-075a6f17cee67171a",
            "assign_ipv6_address_on_creation": false,
            "availability_zone": "us-west-2a",
            "availability_zone_id": "usw2-az1",
            "cidr_block": "10.0.4.0/24",
            "customer_owned_ipv4_pool": "",
            "enable_dns64": false,
            "enable_resource_name_dns_a_record_on_launch": false,
            "enable_resource_name_dns_aaaa_record_on_launch": false,
            "id": "subnet-075a6f17cee67171a",
            "ipv6_cidr_block": "",
            "ipv6_cidr_block_association_id": "",
            "ipv6_native": false,
            "map_customer_owned_ip_on_launch": false,
            "map_public_ip_on_launch": true,
            "outpost_arn": "",
            "owner_id": "752399564322",
            "private_dns_hostname_type_on_launch": "ip-name",
            "tags": {
              "Name": "education-vpc-public-us-west-2a",
              "kubernetes.io/cluster/education-eks-LmMnc0em": "shared",
              "kubernetes.io/role/elb": "1"
            },
            "tags_all": {
              "Name": "education-vpc-public-us-west-2a",
              "kubernetes.io/cluster/education-eks-LmMnc0em": "shared",
              "kubernetes.io/role/elb": "1"
            },
            "timeouts": null,
            "vpc_id": "vpc-0a7e1d564cbf870ad"
          },
          "sensitive_attributes": [],
          "private": "eyJlMmJmYjczMC1lY2FhLTExZTYtOGY4OC0zNDM2M2JjN2M0YzAiOnsiY3JlYXRlIjo2MDAwMDAwMDAwMDAsImRlbGV0ZSI6MTIwMDAwMDAwMDAwMH0sInNjaGVtYV92ZXJzaW9uIjoiMSJ9",
          "dependencies": [
            "data.aws_availability_zones.available",
            "module.vpc.aws_vpc.this",
            "module.vpc.aws_vpc_ipv4_cidr_block_association.this",
            "random_string.suffix"
          ]
        },
        {
          "index_key": 1,
          "schema_version": 1,
          "attributes": {
            "arn": "arn:aws:ec2:us-west-2:752399564322:subnet/subnet-0d64595aab98ec20d",
            "assign_ipv6_address_on_creation": false,
            "availability_zone": "us-west-2b",
            "availability_zone_id": "usw2-az2",
            "cidr_block": "10.0.5.0/24",
            "customer_owned_ipv4_pool": "",
            "enable_dns64": false,
            "enable_resource_name_dns_a_record_on_launch": false,
            "enable_resource_name_dns_aaaa_record_on_launch": false,
            "id": "subnet-0d64595aab98ec20d",
            "ipv6_cidr_block": "",
            "ipv6_cidr_block_association_id": "",
            "ipv6_native": false,
            "map_customer_owned_ip_on_launch": false,
            "map_public_ip_on_launch": true,
            "outpost_arn": "",
            "owner_id": "752399564322",
            "private_dns_hostname_type_on_launch": "ip-name",
            "tags": {
              "Name": "education-vpc-public-us-west-2b",
              "kubernetes.io/cluster/education-eks-LmMnc0em": "shared",
              "kubernetes.io/role/elb": "1"
            },
            "tags_all": {
              "Name": "education-vpc-public-us-west-2b",
              "kubernetes.io/cluster/education-eks-LmMnc0em": "shared",
              "kubernetes.io/role/elb": "1"
            },
            "timeouts": null,
            "vpc_id": "vpc-0a7e1d564cbf870ad"
          },
          "sensitive_attributes": [],
          "private": "eyJlMmJmYjczMC1lY2FhLTExZTYtOGY4OC0zNDM2M2JjN2M0YzAiOnsiY3JlYXRlIjo2MDAwMDAwMDAwMDAsImRlbGV0ZSI6MTIwMDAwMDAwMDAwMH0sInNjaGVtYV92ZXJzaW9uIjoiMSJ9",
          "dependencies": [
            "data.aws_availability_zones.available",
            "module.vpc.aws_vpc.this",
            "module.vpc.aws_vpc_ipv4_cidr_block_association.this",
            "random_string.suffix"
          ]
        },
        {
          "index_key": 2,
          "schema_version": 1,
          "attributes": {
            "arn": "arn:aws:ec2:us-west-2:752399564322:subnet/subnet-03a4834c6e6fd1948",
            "assign_ipv6_address_on_creation": false,
            "availability_zone": "us-west-2c",
            "availability_zone_id": "usw2-az3",
            "cidr_block": "10.0.6.0/24",
            "customer_owned_ipv4_pool": "",
            "enable_dns64": false,
            "enable_resource_name_dns_a_record_on_launch": false,
            "enable_resource_name_dns_aaaa_record_on_launch": false,
            "id": "subnet-03a4834c6e6fd1948",
            "ipv6_cidr_block": "",
            "ipv6_cidr_block_association_id": "",
            "ipv6_native": false,
            "map_customer_owned_ip_on_launch": false,
            "map_public_ip_on_launch": true,
            "outpost_arn": "",
            "owner_id": "752399564322",
            "private_dns_hostname_type_on_launch": "ip-name",
            "tags": {
              "Name": "education-vpc-public-us-west-2c",
              "kubernetes.io/cluster/education-eks-LmMnc0em": "shared",
              "kubernetes.io/role/elb": "1"
            },
            "tags_all": {
              "Name": "education-vpc-public-us-west-2c",
              "kubernetes.io/cluster/education-eks-LmMnc0em": "shared",
              "kubernetes.io/role/elb": "1"
            },
            "timeouts": null,
            "vpc_id": "vpc-0a7e1d564cbf870ad"
          },
          "sensitive_attributes": [],
          "private": "eyJlMmJmYjczMC1lY2FhLTExZTYtOGY4OC0zNDM2M2JjN2M0YzAiOnsiY3JlYXRlIjo2MDAwMDAwMDAwMDAsImRlbGV0ZSI6MTIwMDAwMDAwMDAwMH0sInNjaGVtYV92ZXJzaW9uIjoiMSJ9",
          "dependencies": [
            "data.aws_availability_zones.available",
            "module.vpc.aws_vpc.this",
            "module.vpc.aws_vpc_ipv4_cidr_block_association.this",
            "random_string.suffix"
          ]
        }
      ]
    },
    {
      "module": "module.vpc",
      "mode": "managed",
      "type": "aws_vpc",
      "name": "this",
      "provider": "provider[\"registry.terraform.io/hashicorp/aws\"]",
      "instances": [
        {
          "index_key": 0,
          "schema_version": 1,
          "attributes": {
            "arn": "arn:aws:ec2:us-west-2:752399564322:vpc/vpc-0a7e1d564cbf870ad",
            "assign_generated_ipv6_cidr_block": false,
            "cidr_block": "10.0.0.0/16",
            "default_network_acl_id": "acl-085c546604453fa1a",
            "default_route_table_id": "rtb-0f9029a652c41f2cf",
            "default_security_group_id": "sg-03d5ddbbab55d8d98",
            "dhcp_options_id": "dopt-06d0739a2c0f1cbb8",
            "enable_classiclink": false,
            "enable_classiclink_dns_support": false,
            "enable_dns_hostnames": true,
            "enable_dns_support": true,
            "id": "vpc-0a7e1d564cbf870ad",
            "instance_tenancy": "default",
            "ipv4_ipam_pool_id": null,
            "ipv4_netmask_length": null,
            "ipv6_association_id": "",
            "ipv6_cidr_block": "",
            "ipv6_ipam_pool_id": null,
            "ipv6_netmask_length": null,
            "main_route_table_id": "rtb-0f9029a652c41f2cf",
            "owner_id": "752399564322",
            "tags": {
              "Name": "education-vpc",
              "kubernetes.io/cluster/education-eks-LmMnc0em": "shared"
            },
            "tags_all": {
              "Name": "education-vpc",
              "kubernetes.io/cluster/education-eks-LmMnc0em": "shared"
            }
          },
          "sensitive_attributes": [],
          "private": "eyJzY2hlbWFfdmVyc2lvbiI6IjEifQ==",
          "dependencies": [
            "random_string.suffix"
          ],
          "create_before_destroy": true
        }
      ]
    }
  ]
}
